// !$*UTF8*$!
{
	archiveVersion = 1;
	classes = {
	};
	objectVersion = 56;
	objects = {

/* Begin PBXBuildFile section */
		14053FD42C8A625200C24018 /* NetworkMonitor.swift in Sources */ = {isa = PBXBuildFile; fileRef = 14053FD32C8A625200C24018 /* NetworkMonitor.swift */; };
		1409322F2C52775B00D2C03F /* MeasurementModel.swift in Sources */ = {isa = PBXBuildFile; fileRef = 1409322E2C52775B00D2C03F /* MeasurementModel.swift */; };
		140932322C528BEA00D2C03F /* MainViewModel.swift in Sources */ = {isa = PBXBuildFile; fileRef = 140932312C528BEA00D2C03F /* MainViewModel.swift */; };
		140AFF682C6663BA00A4A2C8 /* SettingsView.swift in Sources */ = {isa = PBXBuildFile; fileRef = 140AFF672C6663BA00A4A2C8 /* SettingsView.swift */; };
		142C51BA2C641EDF00492458 /* LogTableView.swift in Sources */ = {isa = PBXBuildFile; fileRef = 142C51B92C641EDF00492458 /* LogTableView.swift */; };
		142C51BC2C64240100492458 /* LogTextModel.swift in Sources */ = {isa = PBXBuildFile; fileRef = 142C51BB2C64240100492458 /* LogTextModel.swift */; };
		1436956A2C8735C8005CC2B3 /* Theme.swift in Sources */ = {isa = PBXBuildFile; fileRef = 143695692C8735C8005CC2B3 /* Theme.swift */; };
		1436956C2C87454E005CC2B3 /* SettingsViewModel.swift in Sources */ = {isa = PBXBuildFile; fileRef = 1436956B2C87454E005CC2B3 /* SettingsViewModel.swift */; };
		1436956E2C8750E8005CC2B3 /* IPAddressesView.swift in Sources */ = {isa = PBXBuildFile; fileRef = 1436956D2C8750E8005CC2B3 /* IPAddressesView.swift */; };
		144D60B42C90966A009B7D9C /* SwiftyPing in Frameworks */ = {isa = PBXBuildFile; productRef = 144D60B32C90966A009B7D9C /* SwiftyPing */; };
		144D60B62C909B3A009B7D9C /* GaugeItem.swift in Sources */ = {isa = PBXBuildFile; fileRef = 144D60B52C909B3A009B7D9C /* GaugeItem.swift */; };
		1477566D2C88A0F3003D7573 /* CustomAlertView.swift in Sources */ = {isa = PBXBuildFile; fileRef = 1477566C2C88A0F3003D7573 /* CustomAlertView.swift */; };
		1485A9612C87A67F00FDC0AC /* Inter-SemiBold.ttf in Resources */ = {isa = PBXBuildFile; fileRef = 1485A9602C87A67F00FDC0AC /* Inter-SemiBold.ttf */; };
		1485A9632C87A69800FDC0AC /* Inter-Regular.ttf in Resources */ = {isa = PBXBuildFile; fileRef = 1485A9622C87A69800FDC0AC /* Inter-Regular.ttf */; };
		1485A9662C87AC6D00FDC0AC /* Inter-Light.ttf in Resources */ = {isa = PBXBuildFile; fileRef = 1485A9642C87AC6D00FDC0AC /* Inter-Light.ttf */; };
		1485A9672C87AC6D00FDC0AC /* Inter-Black.ttf in Resources */ = {isa = PBXBuildFile; fileRef = 1485A9652C87AC6D00FDC0AC /* Inter-Black.ttf */; };
		14AAA2502C92491A00DF83F0 /* ResultListView.swift in Sources */ = {isa = PBXBuildFile; fileRef = 14AAA24F2C92491A00DF83F0 /* ResultListView.swift */; };
		14AAA2522C924B3300DF83F0 /* ResultViewModel.swift in Sources */ = {isa = PBXBuildFile; fileRef = 14AAA2512C924B3300DF83F0 /* ResultViewModel.swift */; };
		14B688952C63B9B900EDE689 /* LoadingBarView.swift in Sources */ = {isa = PBXBuildFile; fileRef = 14B688942C63B9B900EDE689 /* LoadingBarView.swift */; };
		14B9508E2C45AC4400E8A388 /* PingStatsApp.swift in Sources */ = {isa = PBXBuildFile; fileRef = 14B9508D2C45AC4400E8A388 /* PingStatsApp.swift */; };
		14B950902C45AC4400E8A388 /* MainView.swift in Sources */ = {isa = PBXBuildFile; fileRef = 14B9508F2C45AC4400E8A388 /* MainView.swift */; };
		14B950922C45AC4600E8A388 /* Assets.xcassets in Resources */ = {isa = PBXBuildFile; fileRef = 14B950912C45AC4600E8A388 /* Assets.xcassets */; };
		14B950952C45AC4600E8A388 /* Preview Assets.xcassets in Resources */ = {isa = PBXBuildFile; fileRef = 14B950942C45AC4600E8A388 /* Preview Assets.xcassets */; };
		14B9509D2C45B62500E8A388 /* PingResponseModel.swift in Sources */ = {isa = PBXBuildFile; fileRef = 14B9509C2C45B62500E8A388 /* PingResponseModel.swift */; };
		14B950A42C45C57E00E8A388 /* Network.swift in Sources */ = {isa = PBXBuildFile; fileRef = 14B950A32C45C57E00E8A388 /* Network.swift */; };
		14BBA22D2C98B49400438D2D /* Formatter.swift in Sources */ = {isa = PBXBuildFile; fileRef = 14BBA22C2C98B49400438D2D /* Formatter.swift */; };
		14E283482C9216AE0086E36F /* MeasurementResult.swift in Sources */ = {isa = PBXBuildFile; fileRef = 14E283472C9216AE0086E36F /* MeasurementResult.swift */; };
		14E929E72C9239BD0088EA79 /* Realm in Frameworks */ = {isa = PBXBuildFile; productRef = 14E929E62C9239BD0088EA79 /* Realm */; };
		14E929E92C9239BD0088EA79 /* RealmSwift in Frameworks */ = {isa = PBXBuildFile; productRef = 14E929E82C9239BD0088EA79 /* RealmSwift */; };
		14F54FF32C986FEA005260E5 /* ResultDetailView.swift in Sources */ = {isa = PBXBuildFile; fileRef = 14F54FF22C986FEA005260E5 /* ResultDetailView.swift */; };
		14FECBB82C4AFBC6009CBF07 /* MySegmentedControl.swift in Sources */ = {isa = PBXBuildFile; fileRef = 14FECBB72C4AFBC6009CBF07 /* MySegmentedControl.swift */; };
		14FECBBC2C4FAF59009CBF07 /* CircularGaugeItem.swift in Sources */ = {isa = PBXBuildFile; fileRef = 14FECBBB2C4FAF59009CBF07 /* CircularGaugeItem.swift */; };
		14FECBC02C5187F8009CBF07 /* PlayButtonView.swift in Sources */ = {isa = PBXBuildFile; fileRef = 14FECBBF2C5187F8009CBF07 /* PlayButtonView.swift */; };
/* End PBXBuildFile section */

/* Begin PBXCopyFilesBuildPhase section */
		14E929D22C9233800088EA79 /* Embed Frameworks */ = {
			isa = PBXCopyFilesBuildPhase;
			buildActionMask = 2147483647;
			dstPath = "";
			dstSubfolderSpec = 11;
			files = (
			);
			name = "Embed Frameworks";
			runOnlyForDeploymentPostprocessing = 0;
		};
/* End PBXCopyFilesBuildPhase section */

/* Begin PBXFileReference section */
		14053FD32C8A625200C24018 /* NetworkMonitor.swift */ = {isa = PBXFileReference; lastKnownFileType = sourcecode.swift; path = NetworkMonitor.swift; sourceTree = "<group>"; };
		1409322E2C52775B00D2C03F /* MeasurementModel.swift */ = {isa = PBXFileReference; lastKnownFileType = sourcecode.swift; path = MeasurementModel.swift; sourceTree = "<group>"; };
		140932312C528BEA00D2C03F /* MainViewModel.swift */ = {isa = PBXFileReference; lastKnownFileType = sourcecode.swift; path = MainViewModel.swift; sourceTree = "<group>"; };
		140AFF672C6663BA00A4A2C8 /* SettingsView.swift */ = {isa = PBXFileReference; lastKnownFileType = sourcecode.swift; path = SettingsView.swift; sourceTree = "<group>"; };
		142C51B92C641EDF00492458 /* LogTableView.swift */ = {isa = PBXFileReference; lastKnownFileType = sourcecode.swift; path = LogTableView.swift; sourceTree = "<group>"; };
		142C51BB2C64240100492458 /* LogTextModel.swift */ = {isa = PBXFileReference; lastKnownFileType = sourcecode.swift; path = LogTextModel.swift; sourceTree = "<group>"; };
		143695692C8735C8005CC2B3 /* Theme.swift */ = {isa = PBXFileReference; lastKnownFileType = sourcecode.swift; path = Theme.swift; sourceTree = "<group>"; };
		1436956B2C87454E005CC2B3 /* SettingsViewModel.swift */ = {isa = PBXFileReference; lastKnownFileType = sourcecode.swift; path = SettingsViewModel.swift; sourceTree = "<group>"; };
		1436956D2C8750E8005CC2B3 /* IPAddressesView.swift */ = {isa = PBXFileReference; lastKnownFileType = sourcecode.swift; path = IPAddressesView.swift; sourceTree = "<group>"; };
		144D60B52C909B3A009B7D9C /* GaugeItem.swift */ = {isa = PBXFileReference; lastKnownFileType = sourcecode.swift; path = GaugeItem.swift; sourceTree = "<group>"; };
		1477566C2C88A0F3003D7573 /* CustomAlertView.swift */ = {isa = PBXFileReference; lastKnownFileType = sourcecode.swift; path = CustomAlertView.swift; sourceTree = "<group>"; };
		1485A9602C87A67F00FDC0AC /* Inter-SemiBold.ttf */ = {isa = PBXFileReference; lastKnownFileType = file; path = "Inter-SemiBold.ttf"; sourceTree = "<group>"; };
		1485A9622C87A69800FDC0AC /* Inter-Regular.ttf */ = {isa = PBXFileReference; lastKnownFileType = file; path = "Inter-Regular.ttf"; sourceTree = "<group>"; };
		1485A9642C87AC6D00FDC0AC /* Inter-Light.ttf */ = {isa = PBXFileReference; lastKnownFileType = file; path = "Inter-Light.ttf"; sourceTree = "<group>"; };
		1485A9652C87AC6D00FDC0AC /* Inter-Black.ttf */ = {isa = PBXFileReference; lastKnownFileType = file; path = "Inter-Black.ttf"; sourceTree = "<group>"; };
		14862A5C2C62CFEE00394101 /* Info.plist */ = {isa = PBXFileReference; lastKnownFileType = text.plist; path = Info.plist; sourceTree = "<group>"; };
		14AAA24F2C92491A00DF83F0 /* ResultListView.swift */ = {isa = PBXFileReference; lastKnownFileType = sourcecode.swift; path = ResultListView.swift; sourceTree = "<group>"; };
		14AAA2512C924B3300DF83F0 /* ResultViewModel.swift */ = {isa = PBXFileReference; lastKnownFileType = sourcecode.swift; path = ResultViewModel.swift; sourceTree = "<group>"; };
		14B688942C63B9B900EDE689 /* LoadingBarView.swift */ = {isa = PBXFileReference; lastKnownFileType = sourcecode.swift; path = LoadingBarView.swift; sourceTree = "<group>"; };
		14B9508A2C45AC4400E8A388 /* PingStats.app */ = {isa = PBXFileReference; explicitFileType = wrapper.application; includeInIndex = 0; path = PingStats.app; sourceTree = BUILT_PRODUCTS_DIR; };
		14B9508D2C45AC4400E8A388 /* PingStatsApp.swift */ = {isa = PBXFileReference; lastKnownFileType = sourcecode.swift; path = PingStatsApp.swift; sourceTree = "<group>"; };
		14B9508F2C45AC4400E8A388 /* MainView.swift */ = {isa = PBXFileReference; lastKnownFileType = sourcecode.swift; path = MainView.swift; sourceTree = "<group>"; };
		14B950912C45AC4600E8A388 /* Assets.xcassets */ = {isa = PBXFileReference; lastKnownFileType = folder.assetcatalog; path = Assets.xcassets; sourceTree = "<group>"; };
		14B950942C45AC4600E8A388 /* Preview Assets.xcassets */ = {isa = PBXFileReference; lastKnownFileType = folder.assetcatalog; path = "Preview Assets.xcassets"; sourceTree = "<group>"; };
		14B9509C2C45B62500E8A388 /* PingResponseModel.swift */ = {isa = PBXFileReference; lastKnownFileType = sourcecode.swift; path = PingResponseModel.swift; sourceTree = "<group>"; };
		14B950A32C45C57E00E8A388 /* Network.swift */ = {isa = PBXFileReference; lastKnownFileType = sourcecode.swift; path = Network.swift; sourceTree = "<group>"; };
		14BBA22C2C98B49400438D2D /* Formatter.swift */ = {isa = PBXFileReference; lastKnownFileType = sourcecode.swift; path = Formatter.swift; sourceTree = "<group>"; };
		14E283472C9216AE0086E36F /* MeasurementResult.swift */ = {isa = PBXFileReference; lastKnownFileType = sourcecode.swift; path = MeasurementResult.swift; sourceTree = "<group>"; };
		14E929DA2C9236860088EA79 /* PingStats.xcodeproj */ = {isa = PBXFileReference; lastKnownFileType = "wrapper.pb-project"; path = PingStats.xcodeproj; sourceTree = "<group>"; };
		14F54FF22C986FEA005260E5 /* ResultDetailView.swift */ = {isa = PBXFileReference; lastKnownFileType = sourcecode.swift; path = ResultDetailView.swift; sourceTree = "<group>"; };
		14FECBB72C4AFBC6009CBF07 /* MySegmentedControl.swift */ = {isa = PBXFileReference; lastKnownFileType = sourcecode.swift; path = MySegmentedControl.swift; sourceTree = "<group>"; };
		14FECBBB2C4FAF59009CBF07 /* CircularGaugeItem.swift */ = {isa = PBXFileReference; lastKnownFileType = sourcecode.swift; path = CircularGaugeItem.swift; sourceTree = "<group>"; };
		14FECBBF2C5187F8009CBF07 /* PlayButtonView.swift */ = {isa = PBXFileReference; lastKnownFileType = sourcecode.swift; path = PlayButtonView.swift; sourceTree = "<group>"; };
/* End PBXFileReference section */

/* Begin PBXFrameworksBuildPhase section */
		14B950872C45AC4400E8A388 /* Frameworks */ = {
			isa = PBXFrameworksBuildPhase;
			buildActionMask = 2147483647;
			files = (
				14E929E92C9239BD0088EA79 /* RealmSwift in Frameworks */,
				14E929E72C9239BD0088EA79 /* Realm in Frameworks */,
				144D60B42C90966A009B7D9C /* SwiftyPing in Frameworks */,
			);
			runOnlyForDeploymentPostprocessing = 0;
		};
/* End PBXFrameworksBuildPhase section */

/* Begin PBXGroup section */
		140932302C52778F00D2C03F /* viewModel */ = {
			isa = PBXGroup;
			children = (
				140932312C528BEA00D2C03F /* MainViewModel.swift */,
				1436956B2C87454E005CC2B3 /* SettingsViewModel.swift */,
				14AAA2512C924B3300DF83F0 /* ResultViewModel.swift */,
			);
			path = viewModel;
			sourceTree = "<group>";
		};
		143695682C8735B7005CC2B3 /* helper */ = {
			isa = PBXGroup;
			children = (
				143695692C8735C8005CC2B3 /* Theme.swift */,
				14053FD32C8A625200C24018 /* NetworkMonitor.swift */,
			);
			path = helper;
			sourceTree = "<group>";
		};
		1477566B2C88A0D5003D7573 /* utils */ = {
			isa = PBXGroup;
			children = (
				1477566C2C88A0F3003D7573 /* CustomAlertView.swift */,
				14BBA22C2C98B49400438D2D /* Formatter.swift */,
			);
			path = utils;
			sourceTree = "<group>";
		};
		1485A95F2C87A62000FDC0AC /* fonts */ = {
			isa = PBXGroup;
			children = (
				1485A9652C87AC6D00FDC0AC /* Inter-Black.ttf */,
				1485A9642C87AC6D00FDC0AC /* Inter-Light.ttf */,
				1485A9622C87A69800FDC0AC /* Inter-Regular.ttf */,
				1485A9602C87A67F00FDC0AC /* Inter-SemiBold.ttf */,
			);
			path = fonts;
			sourceTree = "<group>";
		};
		14B950812C45AC4400E8A388 = {
			isa = PBXGroup;
			children = (
				14E929DA2C9236860088EA79 /* PingStats.xcodeproj */,
				14B9508C2C45AC4400E8A388 /* PingStats */,
				14B9508B2C45AC4400E8A388 /* Products */,
				14E929BE2C9225750088EA79 /* Frameworks */,
			);
			sourceTree = "<group>";
		};
		14B9508B2C45AC4400E8A388 /* Products */ = {
			isa = PBXGroup;
			children = (
				14B9508A2C45AC4400E8A388 /* PingStats.app */,
			);
			name = Products;
			sourceTree = "<group>";
		};
		14B9508C2C45AC4400E8A388 /* PingStats */ = {
			isa = PBXGroup;
			children = (
				1477566B2C88A0D5003D7573 /* utils */,
				1485A95F2C87A62000FDC0AC /* fonts */,
				143695682C8735B7005CC2B3 /* helper */,
				14862A5C2C62CFEE00394101 /* Info.plist */,
				140932302C52778F00D2C03F /* viewModel */,
				14B950A52C46938900E8A388 /* view */,
				14B9509B2C45B5F000E8A388 /* model */,
				14B9508D2C45AC4400E8A388 /* PingStatsApp.swift */,
				14B950912C45AC4600E8A388 /* Assets.xcassets */,
				14B950932C45AC4600E8A388 /* Preview Content */,
				14B950A32C45C57E00E8A388 /* Network.swift */,
			);
			path = PingStats;
			sourceTree = "<group>";
		};
		14B950932C45AC4600E8A388 /* Preview Content */ = {
			isa = PBXGroup;
			children = (
				14B950942C45AC4600E8A388 /* Preview Assets.xcassets */,
			);
			path = "Preview Content";
			sourceTree = "<group>";
		};
		14B9509B2C45B5F000E8A388 /* model */ = {
			isa = PBXGroup;
			children = (
				14B9509C2C45B62500E8A388 /* PingResponseModel.swift */,
				1409322E2C52775B00D2C03F /* MeasurementModel.swift */,
				142C51BB2C64240100492458 /* LogTextModel.swift */,
				14E283472C9216AE0086E36F /* MeasurementResult.swift */,
			);
			path = model;
			sourceTree = "<group>";
		};
		14B950A52C46938900E8A388 /* view */ = {
			isa = PBXGroup;
			children = (
				14E283492C921E250086E36F /* settings */,
				14FECBBB2C4FAF59009CBF07 /* CircularGaugeItem.swift */,
				14B9508F2C45AC4400E8A388 /* MainView.swift */,
				14FECBB72C4AFBC6009CBF07 /* MySegmentedControl.swift */,
				14FECBBF2C5187F8009CBF07 /* PlayButtonView.swift */,
				14B688942C63B9B900EDE689 /* LoadingBarView.swift */,
				142C51B92C641EDF00492458 /* LogTableView.swift */,
				144D60B52C909B3A009B7D9C /* GaugeItem.swift */,
			);
			path = view;
			sourceTree = "<group>";
		};
		14E283492C921E250086E36F /* settings */ = {
			isa = PBXGroup;
			children = (
				140AFF672C6663BA00A4A2C8 /* SettingsView.swift */,
				1436956D2C8750E8005CC2B3 /* IPAddressesView.swift */,
				14AAA24F2C92491A00DF83F0 /* ResultListView.swift */,
				14F54FF22C986FEA005260E5 /* ResultDetailView.swift */,
			);
			path = settings;
			sourceTree = "<group>";
		};
		14E929BE2C9225750088EA79 /* Frameworks */ = {
			isa = PBXGroup;
			children = (
			);
			name = Frameworks;
			sourceTree = "<group>";
		};
		14E929DB2C9236860088EA79 /* Products */ = {
			isa = PBXGroup;
			name = Products;
			sourceTree = "<group>";
		};
/* End PBXGroup section */

/* Begin PBXNativeTarget section */
		14B950892C45AC4400E8A388 /* PingStats */ = {
			isa = PBXNativeTarget;
			buildConfigurationList = 14B950982C45AC4600E8A388 /* Build configuration list for PBXNativeTarget "PingStats" */;
			buildPhases = (
				14B950862C45AC4400E8A388 /* Sources */,
				14B950872C45AC4400E8A388 /* Frameworks */,
				14B950882C45AC4400E8A388 /* Resources */,
				14E929D22C9233800088EA79 /* Embed Frameworks */,
			);
			buildRules = (
			);
			dependencies = (
			);
			name = PingStats;
			packageProductDependencies = (
				144D60B32C90966A009B7D9C /* SwiftyPing */,
				14E929E62C9239BD0088EA79 /* Realm */,
				14E929E82C9239BD0088EA79 /* RealmSwift */,
			);
			productName = PingStats;
			productReference = 14B9508A2C45AC4400E8A388 /* PingStats.app */;
			productType = "com.apple.product-type.application";
		};
/* End PBXNativeTarget section */

/* Begin PBXProject section */
		14B950822C45AC4400E8A388 /* Project object */ = {
			isa = PBXProject;
			attributes = {
				BuildIndependentTargetsInParallel = 1;
				LastSwiftUpdateCheck = 1540;
				LastUpgradeCheck = 1540;
				TargetAttributes = {
					14B950892C45AC4400E8A388 = {
						CreatedOnToolsVersion = 15.4;
					};
				};
			};
			buildConfigurationList = 14B950852C45AC4400E8A388 /* Build configuration list for PBXProject "PingStats" */;
			compatibilityVersion = "Xcode 14.0";
			developmentRegion = en;
			hasScannedForEncodings = 0;
			knownRegions = (
				en,
				Base,
			);
			mainGroup = 14B950812C45AC4400E8A388;
			packageReferences = (
				144D60B22C90966A009B7D9C /* XCRemoteSwiftPackageReference "SwiftyPing" */,
				14E929E52C9239BD0088EA79 /* XCRemoteSwiftPackageReference "realm-swift" */,
			);
			productRefGroup = 14B9508B2C45AC4400E8A388 /* Products */;
			projectDirPath = "";
			projectReferences = (
				{
					ProductGroup = 14E929DB2C9236860088EA79 /* Products */;
					ProjectRef = 14E929DA2C9236860088EA79 /* PingStats.xcodeproj */;
				},
			);
			projectRoot = "";
			targets = (
				14B950892C45AC4400E8A388 /* PingStats */,
			);
		};
/* End PBXProject section */

/* Begin PBXResourcesBuildPhase section */
		14B950882C45AC4400E8A388 /* Resources */ = {
			isa = PBXResourcesBuildPhase;
			buildActionMask = 2147483647;
			files = (
				1485A9662C87AC6D00FDC0AC /* Inter-Light.ttf in Resources */,
				1485A9672C87AC6D00FDC0AC /* Inter-Black.ttf in Resources */,
				1485A9612C87A67F00FDC0AC /* Inter-SemiBold.ttf in Resources */,
				14B950952C45AC4600E8A388 /* Preview Assets.xcassets in Resources */,
				1485A9632C87A69800FDC0AC /* Inter-Regular.ttf in Resources */,
				14B950922C45AC4600E8A388 /* Assets.xcassets in Resources */,
			);
			runOnlyForDeploymentPostprocessing = 0;
		};
/* End PBXResourcesBuildPhase section */

/* Begin PBXSourcesBuildPhase section */
		14B950862C45AC4400E8A388 /* Sources */ = {
			isa = PBXSourcesBuildPhase;
			buildActionMask = 2147483647;
			files = (
				1477566D2C88A0F3003D7573 /* CustomAlertView.swift in Sources */,
				142C51BA2C641EDF00492458 /* LogTableView.swift in Sources */,
				14B950902C45AC4400E8A388 /* MainView.swift in Sources */,
				14AAA2522C924B3300DF83F0 /* ResultViewModel.swift in Sources */,
				14E283482C9216AE0086E36F /* MeasurementResult.swift in Sources */,
				1436956E2C8750E8005CC2B3 /* IPAddressesView.swift in Sources */,
				14BBA22D2C98B49400438D2D /* Formatter.swift in Sources */,
				1409322F2C52775B00D2C03F /* MeasurementModel.swift in Sources */,
				14B9508E2C45AC4400E8A388 /* PingStatsApp.swift in Sources */,
				14AAA2502C92491A00DF83F0 /* ResultListView.swift in Sources */,
				14FECBBC2C4FAF59009CBF07 /* CircularGaugeItem.swift in Sources */,
				144D60B62C909B3A009B7D9C /* GaugeItem.swift in Sources */,
				14053FD42C8A625200C24018 /* NetworkMonitor.swift in Sources */,
				1436956C2C87454E005CC2B3 /* SettingsViewModel.swift in Sources */,
				14B950A42C45C57E00E8A388 /* Network.swift in Sources */,
				142C51BC2C64240100492458 /* LogTextModel.swift in Sources */,
				14B9509D2C45B62500E8A388 /* PingResponseModel.swift in Sources */,
				14FECBC02C5187F8009CBF07 /* PlayButtonView.swift in Sources */,
				14F54FF32C986FEA005260E5 /* ResultDetailView.swift in Sources */,
				14FECBB82C4AFBC6009CBF07 /* MySegmentedControl.swift in Sources */,
				14B688952C63B9B900EDE689 /* LoadingBarView.swift in Sources */,
				140932322C528BEA00D2C03F /* MainViewModel.swift in Sources */,
				140AFF682C6663BA00A4A2C8 /* SettingsView.swift in Sources */,
				1436956A2C8735C8005CC2B3 /* Theme.swift in Sources */,
			);
			runOnlyForDeploymentPostprocessing = 0;
		};
/* End PBXSourcesBuildPhase section */

/* Begin XCBuildConfiguration section */
		14B950962C45AC4600E8A388 /* Debug */ = {
			isa = XCBuildConfiguration;
			buildSettings = {
				ALWAYS_SEARCH_USER_PATHS = NO;
				ASSETCATALOG_COMPILER_GENERATE_SWIFT_ASSET_SYMBOL_EXTENSIONS = YES;
				CLANG_ANALYZER_NONNULL = YES;
				CLANG_ANALYZER_NUMBER_OBJECT_CONVERSION = YES_AGGRESSIVE;
				CLANG_CXX_LANGUAGE_STANDARD = "gnu++20";
				CLANG_ENABLE_MODULES = YES;
				CLANG_ENABLE_OBJC_ARC = YES;
				CLANG_ENABLE_OBJC_WEAK = YES;
				CLANG_WARN_BLOCK_CAPTURE_AUTORELEASING = YES;
				CLANG_WARN_BOOL_CONVERSION = YES;
				CLANG_WARN_COMMA = YES;
				CLANG_WARN_CONSTANT_CONVERSION = YES;
				CLANG_WARN_DEPRECATED_OBJC_IMPLEMENTATIONS = YES;
				CLANG_WARN_DIRECT_OBJC_ISA_USAGE = YES_ERROR;
				CLANG_WARN_DOCUMENTATION_COMMENTS = YES;
				CLANG_WARN_EMPTY_BODY = YES;
				CLANG_WARN_ENUM_CONVERSION = YES;
				CLANG_WARN_INFINITE_RECURSION = YES;
				CLANG_WARN_INT_CONVERSION = YES;
				CLANG_WARN_NON_LITERAL_NULL_CONVERSION = YES;
				CLANG_WARN_OBJC_IMPLICIT_RETAIN_SELF = YES;
				CLANG_WARN_OBJC_LITERAL_CONVERSION = YES;
				CLANG_WARN_OBJC_ROOT_CLASS = YES_ERROR;
				CLANG_WARN_QUOTED_INCLUDE_IN_FRAMEWORK_HEADER = YES;
				CLANG_WARN_RANGE_LOOP_ANALYSIS = YES;
				CLANG_WARN_STRICT_PROTOTYPES = YES;
				CLANG_WARN_SUSPICIOUS_MOVE = YES;
				CLANG_WARN_UNGUARDED_AVAILABILITY = YES_AGGRESSIVE;
				CLANG_WARN_UNREACHABLE_CODE = YES;
				CLANG_WARN__DUPLICATE_METHOD_MATCH = YES;
				COPY_PHASE_STRIP = NO;
				DEBUG_INFORMATION_FORMAT = dwarf;
				ENABLE_STRICT_OBJC_MSGSEND = YES;
				ENABLE_TESTABILITY = YES;
				ENABLE_USER_SCRIPT_SANDBOXING = YES;
				GCC_C_LANGUAGE_STANDARD = gnu17;
				GCC_DYNAMIC_NO_PIC = NO;
				GCC_NO_COMMON_BLOCKS = YES;
				GCC_OPTIMIZATION_LEVEL = 0;
				GCC_PREPROCESSOR_DEFINITIONS = (
					"DEBUG=1",
					"$(inherited)",
				);
				GCC_WARN_64_TO_32_BIT_CONVERSION = YES;
				GCC_WARN_ABOUT_RETURN_TYPE = YES_ERROR;
				GCC_WARN_UNDECLARED_SELECTOR = YES;
				GCC_WARN_UNINITIALIZED_AUTOS = YES_AGGRESSIVE;
				GCC_WARN_UNUSED_FUNCTION = YES;
				GCC_WARN_UNUSED_VARIABLE = YES;
				IPHONEOS_DEPLOYMENT_TARGET = 16.0;
				LOCALIZATION_PREFERS_STRING_CATALOGS = YES;
				MTL_ENABLE_DEBUG_INFO = INCLUDE_SOURCE;
				MTL_FAST_MATH = YES;
				ONLY_ACTIVE_ARCH = YES;
				SDKROOT = iphoneos;
				SWIFT_ACTIVE_COMPILATION_CONDITIONS = "DEBUG $(inherited)";
				SWIFT_OPTIMIZATION_LEVEL = "-Onone";
				SWIFT_VERSION = 5.0;
			};
			name = Debug;
		};
		14B950972C45AC4600E8A388 /* Release */ = {
			isa = XCBuildConfiguration;
			buildSettings = {
				ALWAYS_SEARCH_USER_PATHS = NO;
				ASSETCATALOG_COMPILER_GENERATE_SWIFT_ASSET_SYMBOL_EXTENSIONS = YES;
				CLANG_ANALYZER_NONNULL = YES;
				CLANG_ANALYZER_NUMBER_OBJECT_CONVERSION = YES_AGGRESSIVE;
				CLANG_CXX_LANGUAGE_STANDARD = "gnu++20";
				CLANG_ENABLE_MODULES = YES;
				CLANG_ENABLE_OBJC_ARC = YES;
				CLANG_ENABLE_OBJC_WEAK = YES;
				CLANG_WARN_BLOCK_CAPTURE_AUTORELEASING = YES;
				CLANG_WARN_BOOL_CONVERSION = YES;
				CLANG_WARN_COMMA = YES;
				CLANG_WARN_CONSTANT_CONVERSION = YES;
				CLANG_WARN_DEPRECATED_OBJC_IMPLEMENTATIONS = YES;
				CLANG_WARN_DIRECT_OBJC_ISA_USAGE = YES_ERROR;
				CLANG_WARN_DOCUMENTATION_COMMENTS = YES;
				CLANG_WARN_EMPTY_BODY = YES;
				CLANG_WARN_ENUM_CONVERSION = YES;
				CLANG_WARN_INFINITE_RECURSION = YES;
				CLANG_WARN_INT_CONVERSION = YES;
				CLANG_WARN_NON_LITERAL_NULL_CONVERSION = YES;
				CLANG_WARN_OBJC_IMPLICIT_RETAIN_SELF = YES;
				CLANG_WARN_OBJC_LITERAL_CONVERSION = YES;
				CLANG_WARN_OBJC_ROOT_CLASS = YES_ERROR;
				CLANG_WARN_QUOTED_INCLUDE_IN_FRAMEWORK_HEADER = YES;
				CLANG_WARN_RANGE_LOOP_ANALYSIS = YES;
				CLANG_WARN_STRICT_PROTOTYPES = YES;
				CLANG_WARN_SUSPICIOUS_MOVE = YES;
				CLANG_WARN_UNGUARDED_AVAILABILITY = YES_AGGRESSIVE;
				CLANG_WARN_UNREACHABLE_CODE = YES;
				CLANG_WARN__DUPLICATE_METHOD_MATCH = YES;
				COPY_PHASE_STRIP = NO;
				DEBUG_INFORMATION_FORMAT = "dwarf-with-dsym";
				ENABLE_NS_ASSERTIONS = NO;
				ENABLE_STRICT_OBJC_MSGSEND = YES;
				ENABLE_USER_SCRIPT_SANDBOXING = YES;
				GCC_C_LANGUAGE_STANDARD = gnu17;
				GCC_NO_COMMON_BLOCKS = YES;
				GCC_WARN_64_TO_32_BIT_CONVERSION = YES;
				GCC_WARN_ABOUT_RETURN_TYPE = YES_ERROR;
				GCC_WARN_UNDECLARED_SELECTOR = YES;
				GCC_WARN_UNINITIALIZED_AUTOS = YES_AGGRESSIVE;
				GCC_WARN_UNUSED_FUNCTION = YES;
				GCC_WARN_UNUSED_VARIABLE = YES;
				IPHONEOS_DEPLOYMENT_TARGET = 16.0;
				LOCALIZATION_PREFERS_STRING_CATALOGS = YES;
				MTL_ENABLE_DEBUG_INFO = NO;
				MTL_FAST_MATH = YES;
				SDKROOT = iphoneos;
				SWIFT_COMPILATION_MODE = wholemodule;
				SWIFT_VERSION = 5.0;
				VALIDATE_PRODUCT = YES;
			};
			name = Release;
		};
		14B950992C45AC4600E8A388 /* Debug */ = {
			isa = XCBuildConfiguration;
			buildSettings = {
				ASSETCATALOG_COMPILER_APPICON_NAME = AppIcon;
				ASSETCATALOG_COMPILER_GLOBAL_ACCENT_COLOR_NAME = AccentColor;
				CODE_SIGN_IDENTITY = "Apple Development";
				CODE_SIGN_STYLE = Automatic;
				CURRENT_PROJECT_VERSION = 2;
				DEVELOPMENT_ASSET_PATHS = "\"PingStats/Preview Content\"";
				DEVELOPMENT_TEAM = EZ733NNPCJ;
				ENABLE_PREVIEWS = YES;
				GENERATE_INFOPLIST_FILE = YES;
				INFOPLIST_FILE = PingStats/Info.plist;
				INFOPLIST_KEY_CFBundleDisplayName = "Ping Stat1";
				INFOPLIST_KEY_UIApplicationSceneManifest_Generation = YES;
				INFOPLIST_KEY_UIApplicationSupportsIndirectInputEvents = YES;
				INFOPLIST_KEY_UILaunchScreen_Generation = YES;
				INFOPLIST_KEY_UISupportedInterfaceOrientations_iPad = "UIInterfaceOrientationPortrait UIInterfaceOrientationPortraitUpsideDown UIInterfaceOrientationLandscapeLeft UIInterfaceOrientationLandscapeRight";
				INFOPLIST_KEY_UISupportedInterfaceOrientations_iPhone = "UIInterfaceOrientationPortrait UIInterfaceOrientationLandscapeLeft UIInterfaceOrientationLandscapeRight";
				IPHONEOS_DEPLOYMENT_TARGET = 17.0;
				LD_RUNPATH_SEARCH_PATHS = (
					"$(inherited)",
					"@executable_path/Frameworks",
				);
				MARKETING_VERSION = 1.0;
				PRODUCT_BUNDLE_IDENTIFIER = br.drw.PingStat1;
				PRODUCT_NAME = "$(TARGET_NAME)";
				PROVISIONING_PROFILE_SPECIFIER = "";
				SWIFT_EMIT_LOC_STRINGS = YES;
				SWIFT_VERSION = 5.0;
				TARGETED_DEVICE_FAMILY = "1,2";
			};
			name = Debug;
		};
		14B9509A2C45AC4600E8A388 /* Release */ = {
			isa = XCBuildConfiguration;
			buildSettings = {
				ASSETCATALOG_COMPILER_APPICON_NAME = AppIcon;
				ASSETCATALOG_COMPILER_GLOBAL_ACCENT_COLOR_NAME = AccentColor;
				CODE_SIGN_IDENTITY = "Apple Development";
				CODE_SIGN_STYLE = Automatic;
				CURRENT_PROJECT_VERSION = 2;
				DEVELOPMENT_ASSET_PATHS = "\"PingStats/Preview Content\"";
				DEVELOPMENT_TEAM = EZ733NNPCJ;
				ENABLE_PREVIEWS = YES;
				GENERATE_INFOPLIST_FILE = YES;
				INFOPLIST_FILE = PingStats/Info.plist;
				INFOPLIST_KEY_CFBundleDisplayName = "Ping Stat1";
				INFOPLIST_KEY_UIApplicationSceneManifest_Generation = YES;
				INFOPLIST_KEY_UIApplicationSupportsIndirectInputEvents = YES;
				INFOPLIST_KEY_UILaunchScreen_Generation = YES;
				INFOPLIST_KEY_UISupportedInterfaceOrientations_iPad = "UIInterfaceOrientationPortrait UIInterfaceOrientationPortraitUpsideDown UIInterfaceOrientationLandscapeLeft UIInterfaceOrientationLandscapeRight";
				INFOPLIST_KEY_UISupportedInterfaceOrientations_iPhone = "UIInterfaceOrientationPortrait UIInterfaceOrientationLandscapeLeft UIInterfaceOrientationLandscapeRight";
				IPHONEOS_DEPLOYMENT_TARGET = 17.0;
				LD_RUNPATH_SEARCH_PATHS = (
					"$(inherited)",
					"@executable_path/Frameworks",
				);
				MARKETING_VERSION = 1.0;
				PRODUCT_BUNDLE_IDENTIFIER = br.drw.PingStat1;
				PRODUCT_NAME = "$(TARGET_NAME)";
				PROVISIONING_PROFILE_SPECIFIER = "";
				SWIFT_EMIT_LOC_STRINGS = YES;
				SWIFT_VERSION = 5.0;
				TARGETED_DEVICE_FAMILY = "1,2";
			};
			name = Release;
		};
/* End XCBuildConfiguration section */

/* Begin XCConfigurationList section */
		14B950852C45AC4400E8A388 /* Build configuration list for PBXProject "PingStats" */ = {
			isa = XCConfigurationList;
			buildConfigurations = (
				14B950962C45AC4600E8A388 /* Debug */,
				14B950972C45AC4600E8A388 /* Release */,
			);
			defaultConfigurationIsVisible = 0;
			defaultConfigurationName = Release;
		};
		14B950982C45AC4600E8A388 /* Build configuration list for PBXNativeTarget "PingStats" */ = {
			isa = XCConfigurationList;
			buildConfigurations = (
				14B950992C45AC4600E8A388 /* Debug */,
				14B9509A2C45AC4600E8A388 /* Release */,
			);
			defaultConfigurationIsVisible = 0;
			defaultConfigurationName = Release;
		};
/* End XCConfigurationList section */

/* Begin XCRemoteSwiftPackageReference section */
		144D60B22C90966A009B7D9C /* XCRemoteSwiftPackageReference "SwiftyPing" */ = {
			isa = XCRemoteSwiftPackageReference;
			repositoryURL = "https://github.com/samiyr/SwiftyPing";
			requirement = {
				branch = master;
				kind = branch;
			};
		};
		14E929E52C9239BD0088EA79 /* XCRemoteSwiftPackageReference "realm-swift" */ = {
			isa = XCRemoteSwiftPackageReference;
			repositoryURL = "https://github.com/realm/realm-swift";
			requirement = {
				kind = exactVersion;
				version = 10.43.1;
			};
		};
/* End XCRemoteSwiftPackageReference section */

/* Begin XCSwiftPackageProductDependency section */
		144D60B32C90966A009B7D9C /* SwiftyPing */ = {
			isa = XCSwiftPackageProductDependency;
			package = 144D60B22C90966A009B7D9C /* XCRemoteSwiftPackageReference "SwiftyPing" */;
			productName = SwiftyPing;
		};
		14E929E62C9239BD0088EA79 /* Realm */ = {
			isa = XCSwiftPackageProductDependency;
			package = 14E929E52C9239BD0088EA79 /* XCRemoteSwiftPackageReference "realm-swift" */;
			productName = Realm;
		};
		14E929E82C9239BD0088EA79 /* RealmSwift */ = {
			isa = XCSwiftPackageProductDependency;
			package = 14E929E52C9239BD0088EA79 /* XCRemoteSwiftPackageReference "realm-swift" */;
			productName = RealmSwift;
		};
/* End XCSwiftPackageProductDependency section */
	};
	rootObject = 14B950822C45AC4400E8A388 /* Project object */;
}
