// !$*UTF8*$!
{
	archiveVersion = 1;
	classes = {
	};
	objectVersion = 56;
	objects = {

/* Begin PBXBuildFile section */
		1409322F2C52775B00D2C03F /* PingStat.swift in Sources */ = {isa = PBXBuildFile; fileRef = 1409322E2C52775B00D2C03F /* PingStat.swift */; };
		140932322C528BEA00D2C03F /* MainViewModel.swift in Sources */ = {isa = PBXBuildFile; fileRef = 140932312C528BEA00D2C03F /* MainViewModel.swift */; };
		140AFF682C6663BA00A4A2C8 /* SettingsView.swift in Sources */ = {isa = PBXBuildFile; fileRef = 140AFF672C6663BA00A4A2C8 /* SettingsView.swift */; };
		142C51BC2C64240100492458 /* PingLog.swift in Sources */ = {isa = PBXBuildFile; fileRef = 142C51BB2C64240100492458 /* PingLog.swift */; };
		143391DA2C9A365300ED8CDB /* PingIntervalSlider.swift in Sources */ = {isa = PBXBuildFile; fileRef = 143391D92C9A365300ED8CDB /* PingIntervalSlider.swift */; };
		1436956E2C8750E8005CC2B3 /* TargetHostView.swift in Sources */ = {isa = PBXBuildFile; fileRef = 1436956D2C8750E8005CC2B3 /* TargetHostView.swift */; };
		144D60B42C90966A009B7D9C /* SwiftyPing in Frameworks */ = {isa = PBXBuildFile; productRef = 144D60B32C90966A009B7D9C /* SwiftyPing */; };
		1469E1EE2D7249BB0047C71C /* FirebaseAnalytics in Frameworks */ = {isa = PBXBuildFile; productRef = 1469E1ED2D7249BB0047C71C /* FirebaseAnalytics */; };
		1469E1F02D7249BB0047C71C /* FirebaseCrashlytics in Frameworks */ = {isa = PBXBuildFile; productRef = 1469E1EF2D7249BB0047C71C /* FirebaseCrashlytics */; };
		1485A9612C87A67F00FDC0AC /* Inter-SemiBold.ttf in Resources */ = {isa = PBXBuildFile; fileRef = 1485A9602C87A67F00FDC0AC /* Inter-SemiBold.ttf */; };
		1485A9632C87A69800FDC0AC /* Inter-Regular.ttf in Resources */ = {isa = PBXBuildFile; fileRef = 1485A9622C87A69800FDC0AC /* Inter-Regular.ttf */; };
		1485A9662C87AC6D00FDC0AC /* Inter-Light.ttf in Resources */ = {isa = PBXBuildFile; fileRef = 1485A9642C87AC6D00FDC0AC /* Inter-Light.ttf */; };
		1485A9672C87AC6D00FDC0AC /* Inter-Black.ttf in Resources */ = {isa = PBXBuildFile; fileRef = 1485A9652C87AC6D00FDC0AC /* Inter-Black.ttf */; };
		14A072B62D38035F002F7A5E /* ChartLogs.swift in Sources */ = {isa = PBXBuildFile; fileRef = 14A072AE2D38035F002F7A5E /* ChartLogs.swift */; };
		14A072B72D38035F002F7A5E /* CircularGauge.swift in Sources */ = {isa = PBXBuildFile; fileRef = 14A072AF2D38035F002F7A5E /* CircularGauge.swift */; };
		14A072B82D38035F002F7A5E /* SegmentedControl.swift in Sources */ = {isa = PBXBuildFile; fileRef = 14A072B42D38035F002F7A5E /* SegmentedControl.swift */; };
		14A072B92D38035F002F7A5E /* LoadingBar.swift in Sources */ = {isa = PBXBuildFile; fileRef = 14A072B12D38035F002F7A5E /* LoadingBar.swift */; };
		14A072BA2D38035F002F7A5E /* LogTable.swift in Sources */ = {isa = PBXBuildFile; fileRef = 14A072B22D38035F002F7A5E /* LogTable.swift */; };
		14A072BB2D38035F002F7A5E /* DashedGauge.swift in Sources */ = {isa = PBXBuildFile; fileRef = 14A072B02D38035F002F7A5E /* DashedGauge.swift */; };
		14A072BC2D38035F002F7A5E /* TextStatInfo.swift in Sources */ = {isa = PBXBuildFile; fileRef = 14A072B52D38035F002F7A5E /* TextStatInfo.swift */; };
		14A072BD2D38035F002F7A5E /* PlayButton.swift in Sources */ = {isa = PBXBuildFile; fileRef = 14A072B32D38035F002F7A5E /* PlayButton.swift */; };
		14A072BF2D382495002F7A5E /* BlinkingText.swift in Sources */ = {isa = PBXBuildFile; fileRef = 14A072BE2D382495002F7A5E /* BlinkingText.swift */; };
		14A072C12D382712002F7A5E /* StatusMessage.swift in Sources */ = {isa = PBXBuildFile; fileRef = 14A072C02D382712002F7A5E /* StatusMessage.swift */; };
		14AAA2502C92491A00DF83F0 /* SessionsListView.swift in Sources */ = {isa = PBXBuildFile; fileRef = 14AAA24F2C92491A00DF83F0 /* SessionsListView.swift */; };
		14AAA2522C924B3300DF83F0 /* SessionListViewModel.swift in Sources */ = {isa = PBXBuildFile; fileRef = 14AAA2512C924B3300DF83F0 /* SessionListViewModel.swift */; };
		14B9508E2C45AC4400E8A388 /* App.swift in Sources */ = {isa = PBXBuildFile; fileRef = 14B9508D2C45AC4400E8A388 /* App.swift */; };
		14B950902C45AC4400E8A388 /* MainView.swift in Sources */ = {isa = PBXBuildFile; fileRef = 14B9508F2C45AC4400E8A388 /* MainView.swift */; };
		14B950922C45AC4600E8A388 /* Assets.xcassets in Resources */ = {isa = PBXBuildFile; fileRef = 14B950912C45AC4600E8A388 /* Assets.xcassets */; };
		14B950952C45AC4600E8A388 /* Preview Assets.xcassets in Resources */ = {isa = PBXBuildFile; fileRef = 14B950942C45AC4600E8A388 /* Preview Assets.xcassets */; };
		14B9509D2C45B62500E8A388 /* ICMPResponse.swift in Sources */ = {isa = PBXBuildFile; fileRef = 14B9509C2C45B62500E8A388 /* ICMPResponse.swift */; };
		14BBA22D2C98B49400438D2D /* Formatter.swift in Sources */ = {isa = PBXBuildFile; fileRef = 14BBA22C2C98B49400438D2D /* Formatter.swift */; };
		14CD07CD2D3A9A95009D2AAF /* FullscreenPopup in Frameworks */ = {isa = PBXBuildFile; productRef = 14CD07CC2D3A9A95009D2AAF /* FullscreenPopup */; };
		14CD07CF2D3AA8CA009D2AAF /* AlertPauseBgView.swift in Sources */ = {isa = PBXBuildFile; fileRef = 14CD07CE2D3AA8CA009D2AAF /* AlertPauseBgView.swift */; };
		14E283482C9216AE0086E36F /* Session.swift in Sources */ = {isa = PBXBuildFile; fileRef = 14E283472C9216AE0086E36F /* Session.swift */; };
		14F54FF32C986FEA005260E5 /* SessionDetailView.swift in Sources */ = {isa = PBXBuildFile; fileRef = 14F54FF22C986FEA005260E5 /* SessionDetailView.swift */; };
		14FB80AE2D36A3A800D3214B /* AboutView.swift in Sources */ = {isa = PBXBuildFile; fileRef = 14FB80AD2D36A3A800D3214B /* AboutView.swift */; };
		D504B6D22D2749810054FEB6 /* IconAndTitleButton.swift in Sources */ = {isa = PBXBuildFile; fileRef = D504B6D12D2749810054FEB6 /* IconAndTitleButton.swift */; };
		D50C088A2CF90CD400D567AE /* Host.swift in Sources */ = {isa = PBXBuildFile; fileRef = D50C08892CF90CD400D567AE /* Host.swift */; };
		D515C6002D50F74B00EC8DFB /* StoreKit.framework in Frameworks */ = {isa = PBXBuildFile; fileRef = D515C5FF2D50F74B00EC8DFB /* StoreKit.framework */; };
		D5161EDA2D3EE10900E6F75B /* NotificationService.swift in Sources */ = {isa = PBXBuildFile; fileRef = D5161ED92D3EE10900E6F75B /* NotificationService.swift */; };
		D5196CCB2D555D1800D44E76 /* RevenueCat in Frameworks */ = {isa = PBXBuildFile; productRef = D5196CCA2D555D1800D44E76 /* RevenueCat */; };
		D5196CCD2D555D1800D44E76 /* RevenueCatUI in Frameworks */ = {isa = PBXBuildFile; productRef = D5196CCC2D555D1800D44E76 /* RevenueCatUI */; };
		D51B56E82D3590D6002B39B2 /* Localizable.xcstrings in Resources */ = {isa = PBXBuildFile; fileRef = D51B56E72D3590D6002B39B2 /* Localizable.xcstrings */; };
		D527F7482CAB25A9001B428C /* IPUtils.swift in Sources */ = {isa = PBXBuildFile; fileRef = D527F7472CAB25A9001B428C /* IPUtils.swift */; };
		D527F74A2CAB290B001B428C /* TargetHostViewModel.swift in Sources */ = {isa = PBXBuildFile; fileRef = D527F7492CAB290B001B428C /* TargetHostViewModel.swift */; };
		D5295D3F2D579BB300A859F6 /* UserViewModel.swift in Sources */ = {isa = PBXBuildFile; fileRef = D5295D3E2D579BB300A859F6 /* UserViewModel.swift */; };
		D52E72AB2D5E351600D6AD6D /* ProBadge.swift in Sources */ = {isa = PBXBuildFile; fileRef = D52E72AA2D5E351600D6AD6D /* ProBadge.swift */; };
		D52F61322CED18170056EFC5 /* MiniLoadingBar.swift in Sources */ = {isa = PBXBuildFile; fileRef = D52F61312CED18170056EFC5 /* MiniLoadingBar.swift */; };
		D54192802D56A41D00B8CA61 /* StoreKit.storekit in Resources */ = {isa = PBXBuildFile; fileRef = D541927F2D56A41D00B8CA61 /* StoreKit.storekit */; };
		D549379A2CEF7AA800F777DD /* PingPayloadSlider.swift in Sources */ = {isa = PBXBuildFile; fileRef = D54937992CEF7AA800F777DD /* PingPayloadSlider.swift */; };
		D54A65682D0B31F600121652 /* CloseButton.swift in Sources */ = {isa = PBXBuildFile; fileRef = D54A65672D0B31F600121652 /* CloseButton.swift */; };
		D54A656E2D0BA2AF00121652 /* AddHostFormView.swift in Sources */ = {isa = PBXBuildFile; fileRef = D54A656D2D0BA2A800121652 /* AddHostFormView.swift */; };
		D551F5832CE7F60E0029800D /* SessionParam.swift in Sources */ = {isa = PBXBuildFile; fileRef = D551F5822CE7F60E0029800D /* SessionParam.swift */; };
		D557AF842CF12A5C008ED94B /* SessionPingLogView.swift in Sources */ = {isa = PBXBuildFile; fileRef = D557AF832CF12A5C008ED94B /* SessionPingLogView.swift */; };
		D55D788F2CE392DF00C49190 /* PingService.swift in Sources */ = {isa = PBXBuildFile; fileRef = D55D788E2CE392DF00C49190 /* PingService.swift */; };
		D56AC7F62D1F5E3100A0B307 /* FileService.swift in Sources */ = {isa = PBXBuildFile; fileRef = D56AC7F52D1F5E3100A0B307 /* FileService.swift */; };
		D56AC7F82D1F602D00A0B307 /* SessionTextFile.swift in Sources */ = {isa = PBXBuildFile; fileRef = D56AC7F72D1F602D00A0B307 /* SessionTextFile.swift */; };
		D56AC7FA2D1F65AA00A0B307 /* SessionDetailViewModel.swift in Sources */ = {isa = PBXBuildFile; fileRef = D56AC7F92D1F65A300A0B307 /* SessionDetailViewModel.swift */; };
		D578B6D52D5BA2D7001816ED /* Logger.swift in Sources */ = {isa = PBXBuildFile; fileRef = D578B6D42D5BA2D7001816ED /* Logger.swift */; };
		D57F20782CA4453500676BDD /* PingTimeoutSlider.swift in Sources */ = {isa = PBXBuildFile; fileRef = D57F20772CA4453500676BDD /* PingTimeoutSlider.swift */; };
		D57F207A2CA4498200676BDD /* PingMaxtimeSlider.swift in Sources */ = {isa = PBXBuildFile; fileRef = D57F20792CA4498200676BDD /* PingMaxtimeSlider.swift */; };
		D5800BEB2CF4C58900687BFE /* SessionPingLogViewModel.swift in Sources */ = {isa = PBXBuildFile; fileRef = D5800BEA2CF4C58900687BFE /* SessionPingLogViewModel.swift */; };
		D58655962D26D1760090776E /* ActivityView.swift in Sources */ = {isa = PBXBuildFile; fileRef = D58655952D26D1760090776E /* ActivityView.swift */; };
		D586A3BC2D4D6184000CA77D /* SimpleToast in Frameworks */ = {isa = PBXBuildFile; productRef = D586A3BB2D4D6184000CA77D /* SimpleToast */; };
		D586A3BE2D4D6FB1000CA77D /* ToastMessage.swift in Sources */ = {isa = PBXBuildFile; fileRef = D586A3BD2D4D6FB1000CA77D /* ToastMessage.swift */; };
		D5ABB7982D428F6700B2B69B /* GoogleService-Info.plist in Resources */ = {isa = PBXBuildFile; fileRef = D5ABB7972D428F6700B2B69B /* GoogleService-Info.plist */; };
		D5B7D0042CE636400031D761 /* StatCalculator.swift in Sources */ = {isa = PBXBuildFile; fileRef = D5B7D0032CE636400031D761 /* StatCalculator.swift */; };
		D5BC7BB22CE7E37800D1359A /* ChartItem.swift in Sources */ = {isa = PBXBuildFile; fileRef = D5BC7BB12CE7E37800D1359A /* ChartItem.swift */; };
		D5DDABD62D43C83100BC93A5 /* AnalyticsService.swift in Sources */ = {isa = PBXBuildFile; fileRef = D5DDABD52D43C82900BC93A5 /* AnalyticsService.swift */; };
		D5FA4E2F2CE4D09A0068CBC9 /* PingStatsContainer.xcdatamodeld in Sources */ = {isa = PBXBuildFile; fileRef = D5FA4E2D2CE4D09A0068CBC9 /* PingStatsContainer.xcdatamodeld */; };
		D5FA4E312CE4D15E0068CBC9 /* TargetHostDataService.swift in Sources */ = {isa = PBXBuildFile; fileRef = D5FA4E302CE4D15E0068CBC9 /* TargetHostDataService.swift */; };
		D5FA4E332CE4D8870068CBC9 /* DataService.swift in Sources */ = {isa = PBXBuildFile; fileRef = D5FA4E322CE4D8870068CBC9 /* DataService.swift */; };
		D5FB2D152CA6E1D1002C4AE3 /* PingCountStatSlider.swift in Sources */ = {isa = PBXBuildFile; fileRef = D5FB2D142CA6E1D1002C4AE3 /* PingCountStatSlider.swift */; };
		D5FB2D172CA6FDA3002C4AE3 /* Settings.swift in Sources */ = {isa = PBXBuildFile; fileRef = D5FB2D162CA6FDA3002C4AE3 /* Settings.swift */; };
		D5FBDDE82CEC066C0097898A /* SessionDataService.swift in Sources */ = {isa = PBXBuildFile; fileRef = D5FBDDE72CEC066C0097898A /* SessionDataService.swift */; };
		D5FBEFF22CB6C43F0077CF0A /* PingSettingsView.swift in Sources */ = {isa = PBXBuildFile; fileRef = D5FBEFF12CB6C43F0077CF0A /* PingSettingsView.swift */; };
		D5FFFF262CDD6E070039D7DD /* AppTheme.swift in Sources */ = {isa = PBXBuildFile; fileRef = D5FFFF252CDD6E070039D7DD /* AppTheme.swift */; };
/* End PBXBuildFile section */

/* Begin PBXCopyFilesBuildPhase section */
		14E929D22C9233800088EA79 /* Embed Frameworks */ = {
			isa = PBXCopyFilesBuildPhase;
			buildActionMask = 2147483647;
			dstPath = "";
			dstSubfolderSpec = 11;
			files = (
			);
			name = "Embed Frameworks";
			runOnlyForDeploymentPostprocessing = 0;
		};
/* End PBXCopyFilesBuildPhase section */

/* Begin PBXFileReference section */
		1409322E2C52775B00D2C03F /* PingStat.swift */ = {isa = PBXFileReference; lastKnownFileType = sourcecode.swift; path = PingStat.swift; sourceTree = "<group>"; };
		140932312C528BEA00D2C03F /* MainViewModel.swift */ = {isa = PBXFileReference; lastKnownFileType = sourcecode.swift; path = MainViewModel.swift; sourceTree = "<group>"; };
		140AFF672C6663BA00A4A2C8 /* SettingsView.swift */ = {isa = PBXFileReference; lastKnownFileType = sourcecode.swift; path = SettingsView.swift; sourceTree = "<group>"; };
		142C51BB2C64240100492458 /* PingLog.swift */ = {isa = PBXFileReference; lastKnownFileType = sourcecode.swift; path = PingLog.swift; sourceTree = "<group>"; };
		143391D92C9A365300ED8CDB /* PingIntervalSlider.swift */ = {isa = PBXFileReference; lastKnownFileType = sourcecode.swift; path = PingIntervalSlider.swift; sourceTree = "<group>"; };
		1436956D2C8750E8005CC2B3 /* TargetHostView.swift */ = {isa = PBXFileReference; lastKnownFileType = sourcecode.swift; path = TargetHostView.swift; sourceTree = "<group>"; };
		1485A9602C87A67F00FDC0AC /* Inter-SemiBold.ttf */ = {isa = PBXFileReference; lastKnownFileType = file; path = "Inter-SemiBold.ttf"; sourceTree = "<group>"; };
		1485A9622C87A69800FDC0AC /* Inter-Regular.ttf */ = {isa = PBXFileReference; lastKnownFileType = file; path = "Inter-Regular.ttf"; sourceTree = "<group>"; };
		1485A9642C87AC6D00FDC0AC /* Inter-Light.ttf */ = {isa = PBXFileReference; lastKnownFileType = file; path = "Inter-Light.ttf"; sourceTree = "<group>"; };
		1485A9652C87AC6D00FDC0AC /* Inter-Black.ttf */ = {isa = PBXFileReference; lastKnownFileType = file; path = "Inter-Black.ttf"; sourceTree = "<group>"; };
		14862A5C2C62CFEE00394101 /* Info.plist */ = {isa = PBXFileReference; lastKnownFileType = text.plist.xml; path = Info.plist; sourceTree = "<group>"; };
		14A072AE2D38035F002F7A5E /* ChartLogs.swift */ = {isa = PBXFileReference; lastKnownFileType = sourcecode.swift; path = ChartLogs.swift; sourceTree = "<group>"; };
		14A072AF2D38035F002F7A5E /* CircularGauge.swift */ = {isa = PBXFileReference; lastKnownFileType = sourcecode.swift; path = CircularGauge.swift; sourceTree = "<group>"; };
		14A072B02D38035F002F7A5E /* DashedGauge.swift */ = {isa = PBXFileReference; lastKnownFileType = sourcecode.swift; path = DashedGauge.swift; sourceTree = "<group>"; };
		14A072B12D38035F002F7A5E /* LoadingBar.swift */ = {isa = PBXFileReference; lastKnownFileType = sourcecode.swift; path = LoadingBar.swift; sourceTree = "<group>"; };
		14A072B22D38035F002F7A5E /* LogTable.swift */ = {isa = PBXFileReference; lastKnownFileType = sourcecode.swift; path = LogTable.swift; sourceTree = "<group>"; };
		14A072B32D38035F002F7A5E /* PlayButton.swift */ = {isa = PBXFileReference; lastKnownFileType = sourcecode.swift; path = PlayButton.swift; sourceTree = "<group>"; };
		14A072B42D38035F002F7A5E /* SegmentedControl.swift */ = {isa = PBXFileReference; lastKnownFileType = sourcecode.swift; path = SegmentedControl.swift; sourceTree = "<group>"; };
		14A072B52D38035F002F7A5E /* TextStatInfo.swift */ = {isa = PBXFileReference; lastKnownFileType = sourcecode.swift; path = TextStatInfo.swift; sourceTree = "<group>"; };
		14A072BE2D382495002F7A5E /* BlinkingText.swift */ = {isa = PBXFileReference; lastKnownFileType = sourcecode.swift; path = BlinkingText.swift; sourceTree = "<group>"; };
		14A072C02D382712002F7A5E /* StatusMessage.swift */ = {isa = PBXFileReference; lastKnownFileType = sourcecode.swift; path = StatusMessage.swift; sourceTree = "<group>"; };
		14AAA24F2C92491A00DF83F0 /* SessionsListView.swift */ = {isa = PBXFileReference; lastKnownFileType = sourcecode.swift; path = SessionsListView.swift; sourceTree = "<group>"; };
		14AAA2512C924B3300DF83F0 /* SessionListViewModel.swift */ = {isa = PBXFileReference; lastKnownFileType = sourcecode.swift; path = SessionListViewModel.swift; sourceTree = "<group>"; };
		14B9508A2C45AC4400E8A388 /* PingStats.app */ = {isa = PBXFileReference; explicitFileType = wrapper.application; includeInIndex = 0; path = PingStats.app; sourceTree = BUILT_PRODUCTS_DIR; };
		14B9508D2C45AC4400E8A388 /* App.swift */ = {isa = PBXFileReference; lastKnownFileType = sourcecode.swift; path = App.swift; sourceTree = "<group>"; };
		14B9508F2C45AC4400E8A388 /* MainView.swift */ = {isa = PBXFileReference; lastKnownFileType = sourcecode.swift; path = MainView.swift; sourceTree = "<group>"; };
		14B950912C45AC4600E8A388 /* Assets.xcassets */ = {isa = PBXFileReference; lastKnownFileType = folder.assetcatalog; path = Assets.xcassets; sourceTree = "<group>"; };
		14B950942C45AC4600E8A388 /* Preview Assets.xcassets */ = {isa = PBXFileReference; lastKnownFileType = folder.assetcatalog; path = "Preview Assets.xcassets"; sourceTree = "<group>"; };
		14B9509C2C45B62500E8A388 /* ICMPResponse.swift */ = {isa = PBXFileReference; lastKnownFileType = sourcecode.swift; path = ICMPResponse.swift; sourceTree = "<group>"; };
		14BBA22C2C98B49400438D2D /* Formatter.swift */ = {isa = PBXFileReference; lastKnownFileType = sourcecode.swift; path = Formatter.swift; sourceTree = "<group>"; };
		14CD07CE2D3AA8CA009D2AAF /* AlertPauseBgView.swift */ = {isa = PBXFileReference; lastKnownFileType = sourcecode.swift; path = AlertPauseBgView.swift; sourceTree = "<group>"; };
		14E283472C9216AE0086E36F /* Session.swift */ = {isa = PBXFileReference; lastKnownFileType = sourcecode.swift; path = Session.swift; sourceTree = "<group>"; };
		14E929DA2C9236860088EA79 /* PingStats.xcodeproj */ = {isa = PBXFileReference; lastKnownFileType = "wrapper.pb-project"; path = PingStats.xcodeproj; sourceTree = "<group>"; };
		14F54FF22C986FEA005260E5 /* SessionDetailView.swift */ = {isa = PBXFileReference; lastKnownFileType = sourcecode.swift; path = SessionDetailView.swift; sourceTree = "<group>"; };
		14FB80AD2D36A3A800D3214B /* AboutView.swift */ = {isa = PBXFileReference; lastKnownFileType = sourcecode.swift; path = AboutView.swift; sourceTree = "<group>"; };
		D504B6D12D2749810054FEB6 /* IconAndTitleButton.swift */ = {isa = PBXFileReference; lastKnownFileType = sourcecode.swift; path = IconAndTitleButton.swift; sourceTree = "<group>"; };
		D50C08892CF90CD400D567AE /* Host.swift */ = {isa = PBXFileReference; lastKnownFileType = sourcecode.swift; path = Host.swift; sourceTree = "<group>"; };
		D515C5FF2D50F74B00EC8DFB /* StoreKit.framework */ = {isa = PBXFileReference; lastKnownFileType = wrapper.framework; name = StoreKit.framework; path = System/Library/Frameworks/StoreKit.framework; sourceTree = SDKROOT; };
		D5161ED92D3EE10900E6F75B /* NotificationService.swift */ = {isa = PBXFileReference; lastKnownFileType = sourcecode.swift; path = NotificationService.swift; sourceTree = "<group>"; };
		D51B56E72D3590D6002B39B2 /* Localizable.xcstrings */ = {isa = PBXFileReference; lastKnownFileType = text.json.xcstrings; path = Localizable.xcstrings; sourceTree = "<group>"; };
		D527F7472CAB25A9001B428C /* IPUtils.swift */ = {isa = PBXFileReference; lastKnownFileType = sourcecode.swift; path = IPUtils.swift; sourceTree = "<group>"; };
		D527F7492CAB290B001B428C /* TargetHostViewModel.swift */ = {isa = PBXFileReference; lastKnownFileType = sourcecode.swift; path = TargetHostViewModel.swift; sourceTree = "<group>"; };
		D5295D3E2D579BB300A859F6 /* UserViewModel.swift */ = {isa = PBXFileReference; lastKnownFileType = sourcecode.swift; path = UserViewModel.swift; sourceTree = "<group>"; };
		D52E72AA2D5E351600D6AD6D /* ProBadge.swift */ = {isa = PBXFileReference; lastKnownFileType = sourcecode.swift; path = ProBadge.swift; sourceTree = "<group>"; };
		D52F61312CED18170056EFC5 /* MiniLoadingBar.swift */ = {isa = PBXFileReference; lastKnownFileType = sourcecode.swift; path = MiniLoadingBar.swift; sourceTree = "<group>"; };
		D541927F2D56A41D00B8CA61 /* StoreKit.storekit */ = {isa = PBXFileReference; lastKnownFileType = text; path = StoreKit.storekit; sourceTree = "<group>"; };
		D54937992CEF7AA800F777DD /* PingPayloadSlider.swift */ = {isa = PBXFileReference; lastKnownFileType = sourcecode.swift; path = PingPayloadSlider.swift; sourceTree = "<group>"; };
		D54A65672D0B31F600121652 /* CloseButton.swift */ = {isa = PBXFileReference; lastKnownFileType = sourcecode.swift; path = CloseButton.swift; sourceTree = "<group>"; };
		D54A656D2D0BA2A800121652 /* AddHostFormView.swift */ = {isa = PBXFileReference; lastKnownFileType = sourcecode.swift; path = AddHostFormView.swift; sourceTree = "<group>"; };
		D551F5822CE7F60E0029800D /* SessionParam.swift */ = {isa = PBXFileReference; lastKnownFileType = sourcecode.swift; path = SessionParam.swift; sourceTree = "<group>"; };
		D557AF832CF12A5C008ED94B /* SessionPingLogView.swift */ = {isa = PBXFileReference; lastKnownFileType = sourcecode.swift; path = SessionPingLogView.swift; sourceTree = "<group>"; };
		D55D788E2CE392DF00C49190 /* PingService.swift */ = {isa = PBXFileReference; lastKnownFileType = sourcecode.swift; path = PingService.swift; sourceTree = "<group>"; };
		D56AC7F52D1F5E3100A0B307 /* FileService.swift */ = {isa = PBXFileReference; lastKnownFileType = sourcecode.swift; path = FileService.swift; sourceTree = "<group>"; };
		D56AC7F72D1F602D00A0B307 /* SessionTextFile.swift */ = {isa = PBXFileReference; lastKnownFileType = sourcecode.swift; path = SessionTextFile.swift; sourceTree = "<group>"; };
		D56AC7F92D1F65A300A0B307 /* SessionDetailViewModel.swift */ = {isa = PBXFileReference; lastKnownFileType = sourcecode.swift; path = SessionDetailViewModel.swift; sourceTree = "<group>"; };
		D578B6D42D5BA2D7001816ED /* Logger.swift */ = {isa = PBXFileReference; lastKnownFileType = sourcecode.swift; path = Logger.swift; sourceTree = "<group>"; };
		D57F20772CA4453500676BDD /* PingTimeoutSlider.swift */ = {isa = PBXFileReference; lastKnownFileType = sourcecode.swift; path = PingTimeoutSlider.swift; sourceTree = "<group>"; };
		D57F20792CA4498200676BDD /* PingMaxtimeSlider.swift */ = {isa = PBXFileReference; lastKnownFileType = sourcecode.swift; path = PingMaxtimeSlider.swift; sourceTree = "<group>"; };
		D5800BEA2CF4C58900687BFE /* SessionPingLogViewModel.swift */ = {isa = PBXFileReference; lastKnownFileType = sourcecode.swift; path = SessionPingLogViewModel.swift; sourceTree = "<group>"; };
		D58655952D26D1760090776E /* ActivityView.swift */ = {isa = PBXFileReference; lastKnownFileType = sourcecode.swift; path = ActivityView.swift; sourceTree = "<group>"; };
		D586A3BD2D4D6FB1000CA77D /* ToastMessage.swift */ = {isa = PBXFileReference; lastKnownFileType = sourcecode.swift; path = ToastMessage.swift; sourceTree = "<group>"; };
		D5ABB7972D428F6700B2B69B /* GoogleService-Info.plist */ = {isa = PBXFileReference; lastKnownFileType = text.plist.xml; path = "GoogleService-Info.plist"; sourceTree = "<group>"; };
		D5B7D0032CE636400031D761 /* StatCalculator.swift */ = {isa = PBXFileReference; lastKnownFileType = sourcecode.swift; path = StatCalculator.swift; sourceTree = "<group>"; };
		D5BC7BB12CE7E37800D1359A /* ChartItem.swift */ = {isa = PBXFileReference; lastKnownFileType = sourcecode.swift; path = ChartItem.swift; sourceTree = "<group>"; };
		D5DDABD52D43C82900BC93A5 /* AnalyticsService.swift */ = {isa = PBXFileReference; lastKnownFileType = sourcecode.swift; path = AnalyticsService.swift; sourceTree = "<group>"; };
		D5FA4E2E2CE4D09A0068CBC9 /* PingStatsContainer.xcdatamodel */ = {isa = PBXFileReference; lastKnownFileType = wrapper.xcdatamodel; path = PingStatsContainer.xcdatamodel; sourceTree = "<group>"; };
		D5FA4E302CE4D15E0068CBC9 /* TargetHostDataService.swift */ = {isa = PBXFileReference; lastKnownFileType = sourcecode.swift; path = TargetHostDataService.swift; sourceTree = "<group>"; };
		D5FA4E322CE4D8870068CBC9 /* DataService.swift */ = {isa = PBXFileReference; lastKnownFileType = sourcecode.swift; path = DataService.swift; sourceTree = "<group>"; };
		D5FB2D142CA6E1D1002C4AE3 /* PingCountStatSlider.swift */ = {isa = PBXFileReference; lastKnownFileType = sourcecode.swift; path = PingCountStatSlider.swift; sourceTree = "<group>"; };
		D5FB2D162CA6FDA3002C4AE3 /* Settings.swift */ = {isa = PBXFileReference; lastKnownFileType = sourcecode.swift; path = Settings.swift; sourceTree = "<group>"; };
		D5FBDDE72CEC066C0097898A /* SessionDataService.swift */ = {isa = PBXFileReference; lastKnownFileType = sourcecode.swift; path = SessionDataService.swift; sourceTree = "<group>"; };
		D5FBEFF12CB6C43F0077CF0A /* PingSettingsView.swift */ = {isa = PBXFileReference; lastKnownFileType = sourcecode.swift; path = PingSettingsView.swift; sourceTree = "<group>"; };
		D5FFFF252CDD6E070039D7DD /* AppTheme.swift */ = {isa = PBXFileReference; lastKnownFileType = sourcecode.swift; path = AppTheme.swift; sourceTree = "<group>"; };
/* End PBXFileReference section */

/* Begin PBXFrameworksBuildPhase section */
		14B950872C45AC4400E8A388 /* Frameworks */ = {
			isa = PBXFrameworksBuildPhase;
			buildActionMask = 2147483647;
			files = (
				1469E1EE2D7249BB0047C71C /* FirebaseAnalytics in Frameworks */,
				14CD07CD2D3A9A95009D2AAF /* FullscreenPopup in Frameworks */,
				D5196CCB2D555D1800D44E76 /* RevenueCat in Frameworks */,
				144D60B42C90966A009B7D9C /* SwiftyPing in Frameworks */,
				D5196CCD2D555D1800D44E76 /* RevenueCatUI in Frameworks */,
				1469E1F02D7249BB0047C71C /* FirebaseCrashlytics in Frameworks */,
				D515C6002D50F74B00EC8DFB /* StoreKit.framework in Frameworks */,
				D586A3BC2D4D6184000CA77D /* SimpleToast in Frameworks */,
			);
			runOnlyForDeploymentPostprocessing = 0;
		};
/* End PBXFrameworksBuildPhase section */

/* Begin PBXGroup section */
		140932302C52778F00D2C03F /* ViewModels */ = {
			isa = PBXGroup;
			children = (
				140932312C528BEA00D2C03F /* MainViewModel.swift */,
				14AAA2512C924B3300DF83F0 /* SessionListViewModel.swift */,
				D56AC7F92D1F65A300A0B307 /* SessionDetailViewModel.swift */,
				D527F7492CAB290B001B428C /* TargetHostViewModel.swift */,
				D5800BEA2CF4C58900687BFE /* SessionPingLogViewModel.swift */,
				D5295D3E2D579BB300A859F6 /* UserViewModel.swift */,
			);
			path = ViewModels;
			sourceTree = "<group>";
		};
		143391D82C9A363000ED8CDB /* Components */ = {
			isa = PBXGroup;
			children = (
				143391D92C9A365300ED8CDB /* PingIntervalSlider.swift */,
				D57F20772CA4453500676BDD /* PingTimeoutSlider.swift */,
				D57F20792CA4498200676BDD /* PingMaxtimeSlider.swift */,
				D5FB2D142CA6E1D1002C4AE3 /* PingCountStatSlider.swift */,
				D54937992CEF7AA800F777DD /* PingPayloadSlider.swift */,
				D52E72AA2D5E351600D6AD6D /* ProBadge.swift */,
			);
			path = Components;
			sourceTree = "<group>";
		};
		1477566B2C88A0D5003D7573 /* Utilities */ = {
			isa = PBXGroup;
			children = (
				D5FFFF252CDD6E070039D7DD /* AppTheme.swift */,
				14BBA22C2C98B49400438D2D /* Formatter.swift */,
				D527F7472CAB25A9001B428C /* IPUtils.swift */,
				D58655952D26D1760090776E /* ActivityView.swift */,
				D504B6D12D2749810054FEB6 /* IconAndTitleButton.swift */,
				D578B6D42D5BA2D7001816ED /* Logger.swift */,
			);
			path = Utilities;
			sourceTree = "<group>";
		};
		1485A95F2C87A62000FDC0AC /* Fonts */ = {
			isa = PBXGroup;
			children = (
				1485A9652C87AC6D00FDC0AC /* Inter-Black.ttf */,
				1485A9642C87AC6D00FDC0AC /* Inter-Light.ttf */,
				1485A9622C87A69800FDC0AC /* Inter-Regular.ttf */,
				1485A9602C87A67F00FDC0AC /* Inter-SemiBold.ttf */,
			);
			path = Fonts;
			sourceTree = "<group>";
		};
		14A072AB2D38020E002F7A5E /* Components */ = {
			isa = PBXGroup;
			children = (
				14A072AE2D38035F002F7A5E /* ChartLogs.swift */,
				14A072AF2D38035F002F7A5E /* CircularGauge.swift */,
				14A072B02D38035F002F7A5E /* DashedGauge.swift */,
				14A072B12D38035F002F7A5E /* LoadingBar.swift */,
				14A072B22D38035F002F7A5E /* LogTable.swift */,
				14A072B32D38035F002F7A5E /* PlayButton.swift */,
				14A072B42D38035F002F7A5E /* SegmentedControl.swift */,
				14A072B52D38035F002F7A5E /* TextStatInfo.swift */,
				14A072BE2D382495002F7A5E /* BlinkingText.swift */,
				14A072C02D382712002F7A5E /* StatusMessage.swift */,
				14CD07CE2D3AA8CA009D2AAF /* AlertPauseBgView.swift */,
			);
			path = Components;
			sourceTree = "<group>";
		};
		14B950812C45AC4400E8A388 = {
			isa = PBXGroup;
			children = (
				D51B56E72D3590D6002B39B2 /* Localizable.xcstrings */,
				14E929DA2C9236860088EA79 /* PingStats.xcodeproj */,
				14B9508C2C45AC4400E8A388 /* PingStats */,
				14B9508B2C45AC4400E8A388 /* Products */,
				14E929BE2C9225750088EA79 /* Frameworks */,
			);
			sourceTree = "<group>";
		};
		14B9508B2C45AC4400E8A388 /* Products */ = {
			isa = PBXGroup;
			children = (
				14B9508A2C45AC4400E8A388 /* PingStats.app */,
			);
			name = Products;
			sourceTree = "<group>";
		};
		14B9508C2C45AC4400E8A388 /* PingStats */ = {
			isa = PBXGroup;
			children = (
				14B9508D2C45AC4400E8A388 /* App.swift */,
				14862A5C2C62CFEE00394101 /* Info.plist */,
				D5ABB7972D428F6700B2B69B /* GoogleService-Info.plist */,
				D541927F2D56A41D00B8CA61 /* StoreKit.storekit */,
				1477566B2C88A0D5003D7573 /* Utilities */,
				14B950A52C46938900E8A388 /* Views */,
				140932302C52778F00D2C03F /* ViewModels */,
				14B9509B2C45B5F000E8A388 /* Models */,
				D5FFFF1E2CDD51840039D7DD /* Services */,
				D5F38B9E2CDD07E50037FBD3 /* Resources */,
				14B950932C45AC4600E8A388 /* Preview Content */,
			);
			path = PingStats;
			sourceTree = "<group>";
		};
		14B950932C45AC4600E8A388 /* Preview Content */ = {
			isa = PBXGroup;
			children = (
				14B950942C45AC4600E8A388 /* Preview Assets.xcassets */,
			);
			path = "Preview Content";
			sourceTree = "<group>";
		};
		14B9509B2C45B5F000E8A388 /* Models */ = {
			isa = PBXGroup;
			children = (
				1409322E2C52775B00D2C03F /* PingStat.swift */,
				D5BC7BB12CE7E37800D1359A /* ChartItem.swift */,
				14B9509C2C45B62500E8A388 /* ICMPResponse.swift */,
				142C51BB2C64240100492458 /* PingLog.swift */,
				D551F5822CE7F60E0029800D /* SessionParam.swift */,
				14E283472C9216AE0086E36F /* Session.swift */,
				D5FB2D162CA6FDA3002C4AE3 /* Settings.swift */,
				D50C08892CF90CD400D567AE /* Host.swift */,
				D56AC7F72D1F602D00A0B307 /* SessionTextFile.swift */,
			);
			path = Models;
			sourceTree = "<group>";
		};
		14B950A52C46938900E8A388 /* Views */ = {
			isa = PBXGroup;
			children = (
				14FB80AC2D36A39600D3214B /* About */,
				D54A65662D0B31E200121652 /* Components */,
				D58084DA2CE2AE8D00DC7040 /* Main */,
				D55DD5372CAC332D00F94F83 /* Results */,
				14E283492C921E250086E36F /* Settings */,
			);
			path = Views;
			sourceTree = "<group>";
		};
		14E283492C921E250086E36F /* Settings */ = {
			isa = PBXGroup;
			children = (
				D54A656D2D0BA2A800121652 /* AddHostFormView.swift */,
				140AFF672C6663BA00A4A2C8 /* SettingsView.swift */,
				1436956D2C8750E8005CC2B3 /* TargetHostView.swift */,
				D5FBEFF12CB6C43F0077CF0A /* PingSettingsView.swift */,
				143391D82C9A363000ED8CDB /* Components */,
			);
			path = Settings;
			sourceTree = "<group>";
		};
		14E929BE2C9225750088EA79 /* Frameworks */ = {
			isa = PBXGroup;
			children = (
				D515C5FF2D50F74B00EC8DFB /* StoreKit.framework */,
			);
			name = Frameworks;
			sourceTree = "<group>";
		};
		14E929DB2C9236860088EA79 /* Products */ = {
			isa = PBXGroup;
			name = Products;
			sourceTree = "<group>";
		};
		14FB80AC2D36A39600D3214B /* About */ = {
			isa = PBXGroup;
			children = (
				14FB80AD2D36A3A800D3214B /* AboutView.swift */,
			);
			path = About;
			sourceTree = "<group>";
		};
		D52F61352CED51B20056EFC5 /* Components */ = {
			isa = PBXGroup;
			children = (
				D52F61312CED18170056EFC5 /* MiniLoadingBar.swift */,
			);
			path = Components;
			sourceTree = "<group>";
		};
		D54A65662D0B31E200121652 /* Components */ = {
			isa = PBXGroup;
			children = (
				D54A65672D0B31F600121652 /* CloseButton.swift */,
				D586A3BD2D4D6FB1000CA77D /* ToastMessage.swift */,
			);
			path = Components;
			sourceTree = "<group>";
		};
		D55DD5372CAC332D00F94F83 /* Results */ = {
			isa = PBXGroup;
			children = (
				D52F61352CED51B20056EFC5 /* Components */,
				14AAA24F2C92491A00DF83F0 /* SessionsListView.swift */,
				14F54FF22C986FEA005260E5 /* SessionDetailView.swift */,
				D557AF832CF12A5C008ED94B /* SessionPingLogView.swift */,
			);
			path = Results;
			sourceTree = "<group>";
		};
		D58084DA2CE2AE8D00DC7040 /* Main */ = {
			isa = PBXGroup;
			children = (
				14A072AB2D38020E002F7A5E /* Components */,
				14B9508F2C45AC4400E8A388 /* MainView.swift */,
			);
			path = Main;
			sourceTree = "<group>";
		};
		D59E52152CE5640300F8AD6D /* Pinger */ = {
			isa = PBXGroup;
			children = (
				D55D788E2CE392DF00C49190 /* PingService.swift */,
				D5B7D0032CE636400031D761 /* StatCalculator.swift */,
			);
			path = Pinger;
			sourceTree = "<group>";
		};
		D5F38B9E2CDD07E50037FBD3 /* Resources */ = {
			isa = PBXGroup;
			children = (
				14B950912C45AC4600E8A388 /* Assets.xcassets */,
				1485A95F2C87A62000FDC0AC /* Fonts */,
				D5FA4E2D2CE4D09A0068CBC9 /* PingStatsContainer.xcdatamodeld */,
			);
			path = Resources;
			sourceTree = "<group>";
		};
		D5FFFF1E2CDD51840039D7DD /* Services */ = {
			isa = PBXGroup;
			children = (
				D59E52152CE5640300F8AD6D /* Pinger */,
				D5DDABD52D43C82900BC93A5 /* AnalyticsService.swift */,
				D5FA4E302CE4D15E0068CBC9 /* TargetHostDataService.swift */,
				D5FA4E322CE4D8870068CBC9 /* DataService.swift */,
				D5FBDDE72CEC066C0097898A /* SessionDataService.swift */,
				D56AC7F52D1F5E3100A0B307 /* FileService.swift */,
				D5161ED92D3EE10900E6F75B /* NotificationService.swift */,
			);
			path = Services;
			sourceTree = "<group>";
		};
/* End PBXGroup section */

/* Begin PBXNativeTarget section */
		14B950892C45AC4400E8A388 /* PingStats */ = {
			isa = PBXNativeTarget;
			buildConfigurationList = 14B950982C45AC4600E8A388 /* Build configuration list for PBXNativeTarget "PingStats" */;
			buildPhases = (
				14B950862C45AC4400E8A388 /* Sources */,
				14B950872C45AC4400E8A388 /* Frameworks */,
				14B950882C45AC4400E8A388 /* Resources */,
				14E929D22C9233800088EA79 /* Embed Frameworks */,
				D5DDABD92D43D37900BC93A5 /* Crashlytics */,
			);
			buildRules = (
			);
			dependencies = (
			);
			name = PingStats;
			packageProductDependencies = (
				144D60B32C90966A009B7D9C /* SwiftyPing */,
				14CD07CC2D3A9A95009D2AAF /* FullscreenPopup */,
				D586A3BB2D4D6184000CA77D /* SimpleToast */,
				D5196CCA2D555D1800D44E76 /* RevenueCat */,
				D5196CCC2D555D1800D44E76 /* RevenueCatUI */,
				1469E1ED2D7249BB0047C71C /* FirebaseAnalytics */,
				1469E1EF2D7249BB0047C71C /* FirebaseCrashlytics */,
			);
			productName = PingStats;
			productReference = 14B9508A2C45AC4400E8A388 /* PingStats.app */;
			productType = "com.apple.product-type.application";
		};
/* End PBXNativeTarget section */

/* Begin PBXProject section */
		14B950822C45AC4400E8A388 /* Project object */ = {
			isa = PBXProject;
			attributes = {
				BuildIndependentTargetsInParallel = 1;
				LastSwiftUpdateCheck = 1540;
				LastUpgradeCheck = 1630;
				TargetAttributes = {
					14B950892C45AC4400E8A388 = {
						CreatedOnToolsVersion = 15.4;
					};
				};
			};
			buildConfigurationList = 14B950852C45AC4400E8A388 /* Build configuration list for PBXProject "PingStats" */;
			compatibilityVersion = "Xcode 14.0";
			developmentRegion = en;
			hasScannedForEncodings = 0;
			knownRegions = (
				en,
				"pt-BR",
				it,
				es,
				fr,
			);
			mainGroup = 14B950812C45AC4400E8A388;
			packageReferences = (
				144D60B22C90966A009B7D9C /* XCRemoteSwiftPackageReference "SwiftyPing" */,
				14CD07CB2D3A9A95009D2AAF /* XCRemoteSwiftPackageReference "swift-fullscreen-popup" */,
				D586A3BA2D4D6184000CA77D /* XCRemoteSwiftPackageReference "SimpleToast" */,
				D5196CC92D555D1800D44E76 /* XCRemoteSwiftPackageReference "purchases-ios-spm" */,
				1469E1EC2D7249BB0047C71C /* XCRemoteSwiftPackageReference "firebase-ios-sdk" */,
			);
			productRefGroup = 14B9508B2C45AC4400E8A388 /* Products */;
			projectDirPath = "";
			projectReferences = (
				{
					ProductGroup = 14E929DB2C9236860088EA79 /* Products */;
					ProjectRef = 14E929DA2C9236860088EA79 /* PingStats.xcodeproj */;
				},
			);
			projectRoot = "";
			targets = (
				14B950892C45AC4400E8A388 /* PingStats */,
			);
		};
/* End PBXProject section */

/* Begin PBXResourcesBuildPhase section */
		14B950882C45AC4400E8A388 /* Resources */ = {
			isa = PBXResourcesBuildPhase;
			buildActionMask = 2147483647;
			files = (
				1485A9662C87AC6D00FDC0AC /* Inter-Light.ttf in Resources */,
				D5ABB7982D428F6700B2B69B /* GoogleService-Info.plist in Resources */,
				1485A9672C87AC6D00FDC0AC /* Inter-Black.ttf in Resources */,
				D54192802D56A41D00B8CA61 /* StoreKit.storekit in Resources */,
				1485A9612C87A67F00FDC0AC /* Inter-SemiBold.ttf in Resources */,
				14B950952C45AC4600E8A388 /* Preview Assets.xcassets in Resources */,
				1485A9632C87A69800FDC0AC /* Inter-Regular.ttf in Resources */,
				D51B56E82D3590D6002B39B2 /* Localizable.xcstrings in Resources */,
				14B950922C45AC4600E8A388 /* Assets.xcassets in Resources */,
			);
			runOnlyForDeploymentPostprocessing = 0;
		};
/* End PBXResourcesBuildPhase section */

/* Begin PBXShellScriptBuildPhase section */
		D5DDABD92D43D37900BC93A5 /* Crashlytics */ = {
			isa = PBXShellScriptBuildPhase;
			alwaysOutOfDate = 1;
			buildActionMask = 12;
			files = (
			);
			inputFileListPaths = (
			);
			inputPaths = (
				"${DWARF_DSYM_FOLDER_PATH}/${DWARF_DSYM_FILE_NAME}",
				"${DWARF_DSYM_FOLDER_PATH}/${DWARF_DSYM_FILE_NAME}/Contents/Resources/DWARF/${PRODUCT_NAME}",
				"${DWARF_DSYM_FOLDER_PATH}/${DWARF_DSYM_FILE_NAME}/Contents/Info.plist",
				"$(TARGET_BUILD_DIR)/$(UNLOCALIZED_RESOURCES_FOLDER_PATH)/GoogleService-Info.plist",
				"$(TARGET_BUILD_DIR)/$(EXECUTABLE_PATH)",
				"${DWARF_DSYM_FOLDER_PATH}/${DWARF_DSYM_FILE_NAME}/Contents/Resources/DWARF/${PRODUCT_NAME}.debug.dylib",
			);
			name = Crashlytics;
			outputFileListPaths = (
			);
			outputPaths = (
			);
			runOnlyForDeploymentPostprocessing = 0;
			shellPath = /bin/sh;
			shellScript = "# Type a script or drag a script file from your workspace to insert its path.\n\"${BUILD_DIR%/Build/*}/SourcePackages/checkouts/firebase-ios-sdk/Crashlytics/run\"\n";
		};
/* End PBXShellScriptBuildPhase section */

/* Begin PBXSourcesBuildPhase section */
		14B950862C45AC4400E8A388 /* Sources */ = {
			isa = PBXSourcesBuildPhase;
			buildActionMask = 2147483647;
			files = (
				D5B7D0042CE636400031D761 /* StatCalculator.swift in Sources */,
				D5295D3F2D579BB300A859F6 /* UserViewModel.swift in Sources */,
				D5FBDDE82CEC066C0097898A /* SessionDataService.swift in Sources */,
				D55D788F2CE392DF00C49190 /* PingService.swift in Sources */,
				14B950902C45AC4400E8A388 /* MainView.swift in Sources */,
				D5FA4E312CE4D15E0068CBC9 /* TargetHostDataService.swift in Sources */,
				D56AC7F62D1F5E3100A0B307 /* FileService.swift in Sources */,
				14AAA2522C924B3300DF83F0 /* SessionListViewModel.swift in Sources */,
				D5FBEFF22CB6C43F0077CF0A /* PingSettingsView.swift in Sources */,
				D5800BEB2CF4C58900687BFE /* SessionPingLogViewModel.swift in Sources */,
				14E283482C9216AE0086E36F /* Session.swift in Sources */,
				D5FA4E2F2CE4D09A0068CBC9 /* PingStatsContainer.xcdatamodeld in Sources */,
				1436956E2C8750E8005CC2B3 /* TargetHostView.swift in Sources */,
				D54A656E2D0BA2AF00121652 /* AddHostFormView.swift in Sources */,
				D551F5832CE7F60E0029800D /* SessionParam.swift in Sources */,
				D50C088A2CF90CD400D567AE /* Host.swift in Sources */,
				D56AC7FA2D1F65AA00A0B307 /* SessionDetailViewModel.swift in Sources */,
				D549379A2CEF7AA800F777DD /* PingPayloadSlider.swift in Sources */,
				14BBA22D2C98B49400438D2D /* Formatter.swift in Sources */,
				14FB80AE2D36A3A800D3214B /* AboutView.swift in Sources */,
				1409322F2C52775B00D2C03F /* PingStat.swift in Sources */,
				D52E72AB2D5E351600D6AD6D /* ProBadge.swift in Sources */,
				143391DA2C9A365300ED8CDB /* PingIntervalSlider.swift in Sources */,
				14B9508E2C45AC4400E8A388 /* App.swift in Sources */,
				14AAA2502C92491A00DF83F0 /* SessionsListView.swift in Sources */,
				D5161EDA2D3EE10900E6F75B /* NotificationService.swift in Sources */,
				D5BC7BB22CE7E37800D1359A /* ChartItem.swift in Sources */,
				D5FB2D152CA6E1D1002C4AE3 /* PingCountStatSlider.swift in Sources */,
				D5DDABD62D43C83100BC93A5 /* AnalyticsService.swift in Sources */,
				14A072C12D382712002F7A5E /* StatusMessage.swift in Sources */,
				14A072B62D38035F002F7A5E /* ChartLogs.swift in Sources */,
				14A072B72D38035F002F7A5E /* CircularGauge.swift in Sources */,
				14A072B82D38035F002F7A5E /* SegmentedControl.swift in Sources */,
				14A072BF2D382495002F7A5E /* BlinkingText.swift in Sources */,
				14A072B92D38035F002F7A5E /* LoadingBar.swift in Sources */,
				14CD07CF2D3AA8CA009D2AAF /* AlertPauseBgView.swift in Sources */,
				14A072BA2D38035F002F7A5E /* LogTable.swift in Sources */,
				14A072BB2D38035F002F7A5E /* DashedGauge.swift in Sources */,
				14A072BC2D38035F002F7A5E /* TextStatInfo.swift in Sources */,
				14A072BD2D38035F002F7A5E /* PlayButton.swift in Sources */,
				142C51BC2C64240100492458 /* PingLog.swift in Sources */,
				D5FA4E332CE4D8870068CBC9 /* DataService.swift in Sources */,
				14B9509D2C45B62500E8A388 /* ICMPResponse.swift in Sources */,
				D5FFFF262CDD6E070039D7DD /* AppTheme.swift in Sources */,
				D54A65682D0B31F600121652 /* CloseButton.swift in Sources */,
				D504B6D22D2749810054FEB6 /* IconAndTitleButton.swift in Sources */,
				14F54FF32C986FEA005260E5 /* SessionDetailView.swift in Sources */,
				D527F74A2CAB290B001B428C /* TargetHostViewModel.swift in Sources */,
				D527F7482CAB25A9001B428C /* IPUtils.swift in Sources */,
				140932322C528BEA00D2C03F /* MainViewModel.swift in Sources */,
				D56AC7F82D1F602D00A0B307 /* SessionTextFile.swift in Sources */,
				D578B6D52D5BA2D7001816ED /* Logger.swift in Sources */,
				D557AF842CF12A5C008ED94B /* SessionPingLogView.swift in Sources */,
				D52F61322CED18170056EFC5 /* MiniLoadingBar.swift in Sources */,
				140AFF682C6663BA00A4A2C8 /* SettingsView.swift in Sources */,
				D586A3BE2D4D6FB1000CA77D /* ToastMessage.swift in Sources */,
				D5FB2D172CA6FDA3002C4AE3 /* Settings.swift in Sources */,
				D57F20782CA4453500676BDD /* PingTimeoutSlider.swift in Sources */,
				D57F207A2CA4498200676BDD /* PingMaxtimeSlider.swift in Sources */,
				D58655962D26D1760090776E /* ActivityView.swift in Sources */,
			);
			runOnlyForDeploymentPostprocessing = 0;
		};
/* End PBXSourcesBuildPhase section */

/* Begin XCBuildConfiguration section */
		14B950962C45AC4600E8A388 /* Debug */ = {
			isa = XCBuildConfiguration;
			buildSettings = {
				ALWAYS_SEARCH_USER_PATHS = NO;
				ASSETCATALOG_COMPILER_GENERATE_SWIFT_ASSET_SYMBOL_EXTENSIONS = YES;
				CLANG_ANALYZER_LOCALIZABILITY_NONLOCALIZED = YES;
				CLANG_ANALYZER_NONNULL = YES;
				CLANG_ANALYZER_NUMBER_OBJECT_CONVERSION = YES_AGGRESSIVE;
				CLANG_CXX_LANGUAGE_STANDARD = "gnu++20";
				CLANG_ENABLE_MODULES = YES;
				CLANG_ENABLE_OBJC_ARC = YES;
				CLANG_ENABLE_OBJC_WEAK = YES;
				CLANG_WARN_BLOCK_CAPTURE_AUTORELEASING = YES;
				CLANG_WARN_BOOL_CONVERSION = YES;
				CLANG_WARN_COMMA = YES;
				CLANG_WARN_CONSTANT_CONVERSION = YES;
				CLANG_WARN_DEPRECATED_OBJC_IMPLEMENTATIONS = YES;
				CLANG_WARN_DIRECT_OBJC_ISA_USAGE = YES_ERROR;
				CLANG_WARN_DOCUMENTATION_COMMENTS = YES;
				CLANG_WARN_EMPTY_BODY = YES;
				CLANG_WARN_ENUM_CONVERSION = YES;
				CLANG_WARN_INFINITE_RECURSION = YES;
				CLANG_WARN_INT_CONVERSION = YES;
				CLANG_WARN_NON_LITERAL_NULL_CONVERSION = YES;
				CLANG_WARN_OBJC_IMPLICIT_RETAIN_SELF = YES;
				CLANG_WARN_OBJC_LITERAL_CONVERSION = YES;
				CLANG_WARN_OBJC_ROOT_CLASS = YES_ERROR;
				CLANG_WARN_QUOTED_INCLUDE_IN_FRAMEWORK_HEADER = YES;
				CLANG_WARN_RANGE_LOOP_ANALYSIS = YES;
				CLANG_WARN_STRICT_PROTOTYPES = YES;
				CLANG_WARN_SUSPICIOUS_MOVE = YES;
				CLANG_WARN_UNGUARDED_AVAILABILITY = YES_AGGRESSIVE;
				CLANG_WARN_UNREACHABLE_CODE = YES;
				CLANG_WARN__DUPLICATE_METHOD_MATCH = YES;
				COPY_PHASE_STRIP = NO;
				DEBUG_INFORMATION_FORMAT = dwarf;
				DEVELOPMENT_TEAM = EZ733NNPCJ;
				ENABLE_STRICT_OBJC_MSGSEND = YES;
				ENABLE_TESTABILITY = YES;
				ENABLE_USER_SCRIPT_SANDBOXING = YES;
				GCC_C_LANGUAGE_STANDARD = gnu17;
				GCC_DYNAMIC_NO_PIC = NO;
				GCC_NO_COMMON_BLOCKS = YES;
				GCC_OPTIMIZATION_LEVEL = 0;
				GCC_PREPROCESSOR_DEFINITIONS = (
					"DEBUG=1",
					"$(inherited)",
				);
				GCC_WARN_64_TO_32_BIT_CONVERSION = YES;
				GCC_WARN_ABOUT_RETURN_TYPE = YES_ERROR;
				GCC_WARN_UNDECLARED_SELECTOR = YES;
				GCC_WARN_UNINITIALIZED_AUTOS = YES_AGGRESSIVE;
				GCC_WARN_UNUSED_FUNCTION = YES;
				GCC_WARN_UNUSED_VARIABLE = YES;
				IPHONEOS_DEPLOYMENT_TARGET = 16.0;
				LOCALIZATION_PREFERS_STRING_CATALOGS = YES;
				MTL_ENABLE_DEBUG_INFO = INCLUDE_SOURCE;
				MTL_FAST_MATH = YES;
				ONLY_ACTIVE_ARCH = YES;
				SDKROOT = iphoneos;
				SWIFT_ACTIVE_COMPILATION_CONDITIONS = "DEBUG $(inherited)";
				SWIFT_EMIT_LOC_STRINGS = YES;
				SWIFT_OPTIMIZATION_LEVEL = "-Onone";
				SWIFT_VERSION = 5.0;
			};
			name = Debug;
		};
		14B950972C45AC4600E8A388 /* Release */ = {
			isa = XCBuildConfiguration;
			buildSettings = {
				ALWAYS_SEARCH_USER_PATHS = NO;
				ASSETCATALOG_COMPILER_GENERATE_SWIFT_ASSET_SYMBOL_EXTENSIONS = YES;
				CLANG_ANALYZER_LOCALIZABILITY_NONLOCALIZED = YES;
				CLANG_ANALYZER_NONNULL = YES;
				CLANG_ANALYZER_NUMBER_OBJECT_CONVERSION = YES_AGGRESSIVE;
				CLANG_CXX_LANGUAGE_STANDARD = "gnu++20";
				CLANG_ENABLE_MODULES = YES;
				CLANG_ENABLE_OBJC_ARC = YES;
				CLANG_ENABLE_OBJC_WEAK = YES;
				CLANG_WARN_BLOCK_CAPTURE_AUTORELEASING = YES;
				CLANG_WARN_BOOL_CONVERSION = YES;
				CLANG_WARN_COMMA = YES;
				CLANG_WARN_CONSTANT_CONVERSION = YES;
				CLANG_WARN_DEPRECATED_OBJC_IMPLEMENTATIONS = YES;
				CLANG_WARN_DIRECT_OBJC_ISA_USAGE = YES_ERROR;
				CLANG_WARN_DOCUMENTATION_COMMENTS = YES;
				CLANG_WARN_EMPTY_BODY = YES;
				CLANG_WARN_ENUM_CONVERSION = YES;
				CLANG_WARN_INFINITE_RECURSION = YES;
				CLANG_WARN_INT_CONVERSION = YES;
				CLANG_WARN_NON_LITERAL_NULL_CONVERSION = YES;
				CLANG_WARN_OBJC_IMPLICIT_RETAIN_SELF = YES;
				CLANG_WARN_OBJC_LITERAL_CONVERSION = YES;
				CLANG_WARN_OBJC_ROOT_CLASS = YES_ERROR;
				CLANG_WARN_QUOTED_INCLUDE_IN_FRAMEWORK_HEADER = YES;
				CLANG_WARN_RANGE_LOOP_ANALYSIS = YES;
				CLANG_WARN_STRICT_PROTOTYPES = YES;
				CLANG_WARN_SUSPICIOUS_MOVE = YES;
				CLANG_WARN_UNGUARDED_AVAILABILITY = YES_AGGRESSIVE;
				CLANG_WARN_UNREACHABLE_CODE = YES;
				CLANG_WARN__DUPLICATE_METHOD_MATCH = YES;
				COPY_PHASE_STRIP = NO;
				DEBUG_INFORMATION_FORMAT = "dwarf-with-dsym";
				DEVELOPMENT_TEAM = EZ733NNPCJ;
				ENABLE_NS_ASSERTIONS = NO;
				ENABLE_STRICT_OBJC_MSGSEND = YES;
				ENABLE_USER_SCRIPT_SANDBOXING = YES;
				GCC_C_LANGUAGE_STANDARD = gnu17;
				GCC_NO_COMMON_BLOCKS = YES;
				GCC_WARN_64_TO_32_BIT_CONVERSION = YES;
				GCC_WARN_ABOUT_RETURN_TYPE = YES_ERROR;
				GCC_WARN_UNDECLARED_SELECTOR = YES;
				GCC_WARN_UNINITIALIZED_AUTOS = YES_AGGRESSIVE;
				GCC_WARN_UNUSED_FUNCTION = YES;
				GCC_WARN_UNUSED_VARIABLE = YES;
				IPHONEOS_DEPLOYMENT_TARGET = 16.0;
				LOCALIZATION_PREFERS_STRING_CATALOGS = YES;
				MTL_ENABLE_DEBUG_INFO = NO;
				MTL_FAST_MATH = YES;
				SDKROOT = iphoneos;
				SWIFT_COMPILATION_MODE = wholemodule;
				SWIFT_EMIT_LOC_STRINGS = YES;
				SWIFT_VERSION = 5.0;
				VALIDATE_PRODUCT = YES;
			};
			name = Release;
		};
		14B950992C45AC4600E8A388 /* Debug */ = {
			isa = XCBuildConfiguration;
			buildSettings = {
				ASSETCATALOG_COMPILER_APPICON_NAME = AppIcon;
				ASSETCATALOG_COMPILER_GLOBAL_ACCENT_COLOR_NAME = AccentColor;
				ASSETCATALOG_COMPILER_INCLUDE_ALL_APPICON_ASSETS = NO;
				CODE_SIGN_IDENTITY = "Apple Development";
				CODE_SIGN_STYLE = Automatic;
				COPY_PHASE_STRIP = NO;
				CURRENT_PROJECT_VERSION = 20;
				DEBUG_INFORMATION_FORMAT = "dwarf-with-dsym";
				DEBUG_INFORMATION_VERSION = "compiler-default";
				DEVELOPMENT_ASSET_PATHS = "\"PingStats/Preview Content\"";
				ENABLE_PREVIEWS = YES;
				GENERATE_INFOPLIST_FILE = YES;
				INFOPLIST_FILE = PingStats/Info.plist;
				INFOPLIST_KEY_CFBundleDisplayName = "Ping Stats";
				INFOPLIST_KEY_LSApplicationCategoryType = "public.app-category.utilities";
				INFOPLIST_KEY_LSSupportsOpeningDocumentsInPlace = YES;
				INFOPLIST_KEY_UIApplicationSceneManifest_Generation = YES;
				INFOPLIST_KEY_UIApplicationSupportsIndirectInputEvents = YES;
				INFOPLIST_KEY_UISupportedInterfaceOrientations = UIInterfaceOrientationPortrait;
				INFOPLIST_KEY_UISupportedInterfaceOrientations_iPad = "UIInterfaceOrientationLandscapeLeft UIInterfaceOrientationLandscapeRight UIInterfaceOrientationPortrait UIInterfaceOrientationPortraitUpsideDown";
				IPHONEOS_DEPLOYMENT_TARGET = 17;
				LD_RUNPATH_SEARCH_PATHS = (
					"$(inherited)",
					"@executable_path/Frameworks",
				);
				MARKETING_VERSION = 1.1.7;
				PRODUCT_BUNDLE_IDENTIFIER = app.PingStats;
				PRODUCT_NAME = "$(TARGET_NAME)";
				PROVISIONING_PROFILE_SPECIFIER = "";
				SWIFT_EMIT_LOC_STRINGS = YES;
				SWIFT_VERSION = 5.0;
				TARGETED_DEVICE_FAMILY = 1;
			};
			name = Debug;
		};
		14B9509A2C45AC4600E8A388 /* Release */ = {
			isa = XCBuildConfiguration;
			buildSettings = {
				ASSETCATALOG_COMPILER_APPICON_NAME = AppIcon;
				ASSETCATALOG_COMPILER_GLOBAL_ACCENT_COLOR_NAME = AccentColor;
				ASSETCATALOG_COMPILER_INCLUDE_ALL_APPICON_ASSETS = NO;
				CODE_SIGN_IDENTITY = "Apple Development";
				CODE_SIGN_STYLE = Automatic;
				COPY_PHASE_STRIP = NO;
				CURRENT_PROJECT_VERSION = 20;
				DEBUG_INFORMATION_FORMAT = "dwarf-with-dsym";
				DEBUG_INFORMATION_VERSION = "compiler-default";
				DEVELOPMENT_ASSET_PATHS = "\"PingStats/Preview Content\"";
				ENABLE_PREVIEWS = YES;
				ENABLE_TESTABILITY = YES;
				GENERATE_INFOPLIST_FILE = YES;
				INFOPLIST_FILE = PingStats/Info.plist;
				INFOPLIST_KEY_CFBundleDisplayName = "Ping Stats";
				INFOPLIST_KEY_LSApplicationCategoryType = "public.app-category.utilities";
				INFOPLIST_KEY_LSSupportsOpeningDocumentsInPlace = YES;
				INFOPLIST_KEY_UIApplicationSceneManifest_Generation = YES;
				INFOPLIST_KEY_UIApplicationSupportsIndirectInputEvents = YES;
				INFOPLIST_KEY_UISupportedInterfaceOrientations = UIInterfaceOrientationPortrait;
				INFOPLIST_KEY_UISupportedInterfaceOrientations_iPad = "UIInterfaceOrientationLandscapeLeft UIInterfaceOrientationLandscapeRight UIInterfaceOrientationPortrait UIInterfaceOrientationPortraitUpsideDown";
				IPHONEOS_DEPLOYMENT_TARGET = 17;
				LD_RUNPATH_SEARCH_PATHS = (
					"$(inherited)",
					"@executable_path/Frameworks",
				);
				MARKETING_VERSION = 1.1.7;
				PRODUCT_BUNDLE_IDENTIFIER = app.PingStats;
				PRODUCT_NAME = "$(TARGET_NAME)";
				PROVISIONING_PROFILE_SPECIFIER = "";
				SWIFT_EMIT_LOC_STRINGS = YES;
				SWIFT_VERSION = 5.0;
				TARGETED_DEVICE_FAMILY = 1;
			};
			name = Release;
		};
/* End XCBuildConfiguration section */

/* Begin XCConfigurationList section */
		14B950852C45AC4400E8A388 /* Build configuration list for PBXProject "PingStats" */ = {
			isa = XCConfigurationList;
			buildConfigurations = (
				14B950962C45AC4600E8A388 /* Debug */,
				14B950972C45AC4600E8A388 /* Release */,
			);
			defaultConfigurationIsVisible = 0;
			defaultConfigurationName = Release;
		};
		14B950982C45AC4600E8A388 /* Build configuration list for PBXNativeTarget "PingStats" */ = {
			isa = XCConfigurationList;
			buildConfigurations = (
				14B950992C45AC4600E8A388 /* Debug */,
				14B9509A2C45AC4600E8A388 /* Release */,
			);
			defaultConfigurationIsVisible = 0;
			defaultConfigurationName = Release;
		};
/* End XCConfigurationList section */

/* Begin XCRemoteSwiftPackageReference section */
		144D60B22C90966A009B7D9C /* XCRemoteSwiftPackageReference "SwiftyPing" */ = {
			isa = XCRemoteSwiftPackageReference;
			repositoryURL = "https://github.com/samiyr/SwiftyPing";
			requirement = {
				branch = master;
				kind = branch;
			};
		};
		1469E1EC2D7249BB0047C71C /* XCRemoteSwiftPackageReference "firebase-ios-sdk" */ = {
			isa = XCRemoteSwiftPackageReference;
			repositoryURL = "https://github.com/firebase/firebase-ios-sdk";
			requirement = {
				kind = upToNextMajorVersion;
				minimumVersion = 11.9.0;
			};
		};
		14CD07CB2D3A9A95009D2AAF /* XCRemoteSwiftPackageReference "swift-fullscreen-popup" */ = {
			isa = XCRemoteSwiftPackageReference;
			repositoryURL = "https://github.com/Ryu0118/swift-fullscreen-popup";
			requirement = {
				kind = upToNextMajorVersion;
				minimumVersion = 0.3.0;
			};
		};
		D5196CC92D555D1800D44E76 /* XCRemoteSwiftPackageReference "purchases-ios-spm" */ = {
			isa = XCRemoteSwiftPackageReference;
			repositoryURL = "https://github.com/RevenueCat/purchases-ios-spm.git";
			requirement = {
				kind = upToNextMajorVersion;
				minimumVersion = 5.0.0;
			};
		};
		D586A3BA2D4D6184000CA77D /* XCRemoteSwiftPackageReference "SimpleToast" */ = {
			isa = XCRemoteSwiftPackageReference;
			repositoryURL = "https://github.com/sanzaru/SimpleToast";
			requirement = {
				kind = upToNextMajorVersion;
				minimumVersion = 0.10.1;
			};
		};
/* End XCRemoteSwiftPackageReference section */

/* Begin XCSwiftPackageProductDependency section */
		144D60B32C90966A009B7D9C /* SwiftyPing */ = {
			isa = XCSwiftPackageProductDependency;
			package = 144D60B22C90966A009B7D9C /* XCRemoteSwiftPackageReference "SwiftyPing" */;
			productName = SwiftyPing;
		};
		1469E1ED2D7249BB0047C71C /* FirebaseAnalytics */ = {
			isa = XCSwiftPackageProductDependency;
			package = 1469E1EC2D7249BB0047C71C /* XCRemoteSwiftPackageReference "firebase-ios-sdk" */;
			productName = FirebaseAnalytics;
		};
		1469E1EF2D7249BB0047C71C /* FirebaseCrashlytics */ = {
			isa = XCSwiftPackageProductDependency;
			package = 1469E1EC2D7249BB0047C71C /* XCRemoteSwiftPackageReference "firebase-ios-sdk" */;
			productName = FirebaseCrashlytics;
		};
		14CD07CC2D3A9A95009D2AAF /* FullscreenPopup */ = {
			isa = XCSwiftPackageProductDependency;
			package = 14CD07CB2D3A9A95009D2AAF /* XCRemoteSwiftPackageReference "swift-fullscreen-popup" */;
			productName = FullscreenPopup;
		};
		D5196CCA2D555D1800D44E76 /* RevenueCat */ = {
			isa = XCSwiftPackageProductDependency;
			package = D5196CC92D555D1800D44E76 /* XCRemoteSwiftPackageReference "purchases-ios-spm" */;
			productName = RevenueCat;
		};
		D5196CCC2D555D1800D44E76 /* RevenueCatUI */ = {
			isa = XCSwiftPackageProductDependency;
			package = D5196CC92D555D1800D44E76 /* XCRemoteSwiftPackageReference "purchases-ios-spm" */;
			productName = RevenueCatUI;
		};
		D586A3BB2D4D6184000CA77D /* SimpleToast */ = {
			isa = XCSwiftPackageProductDependency;
			package = D586A3BA2D4D6184000CA77D /* XCRemoteSwiftPackageReference "SimpleToast" */;
			productName = SimpleToast;
		};
/* End XCSwiftPackageProductDependency section */

/* Begin XCVersionGroup section */
		D5FA4E2D2CE4D09A0068CBC9 /* PingStatsContainer.xcdatamodeld */ = {
			isa = XCVersionGroup;
			children = (
				D5FA4E2E2CE4D09A0068CBC9 /* PingStatsContainer.xcdatamodel */,
			);
			currentVersion = D5FA4E2E2CE4D09A0068CBC9 /* PingStatsContainer.xcdatamodel */;
			path = PingStatsContainer.xcdatamodeld;
			sourceTree = "<group>";
			versionGroupType = wrapper.xcdatamodel;
		};
/* End XCVersionGroup section */
	};
	rootObject = 14B950822C45AC4400E8A388 /* Project object */;
}
